// !$*UTF8*$!
{
	archiveVersion = 1;
	classes = {
	};
	objectVersion = 46;
	objects = {

/* Begin PBXBuildFile section */
		060D64881E31EB400053F2AB /* DailySourceItemLayout.swift in Sources */ = {isa = PBXBuildFile; fileRef = 060D64871E31EB400053F2AB /* DailySourceItemLayout.swift */; };
		062169591E260AE800ECB0AB /* DailySourceItemCell.swift in Sources */ = {isa = PBXBuildFile; fileRef = 062169571E260AE800ECB0AB /* DailySourceItemCell.swift */; };
		0621695A1E260AE800ECB0AB /* DailySourceItemCell.xib in Resources */ = {isa = PBXBuildFile; fileRef = 062169581E260AE800ECB0AB /* DailySourceItemCell.xib */; };
		063504FC1E151C4A002510B0 /* DFSafariViewController.swift in Sources */ = {isa = PBXBuildFile; fileRef = 063504FB1E151C4A002510B0 /* DFSafariViewController.swift */; };
		063505021E15342C002510B0 /* NewsSourceViewController.swift in Sources */ = {isa = PBXBuildFile; fileRef = 063505011E15342C002510B0 /* NewsSourceViewController.swift */; };
		0635050E1E1BA50E002510B0 /* TSSpinnerView.swift in Sources */ = {isa = PBXBuildFile; fileRef = 0635050D1E1BA50D002510B0 /* TSSpinnerView.swift */; };
		063505101E1BAF13002510B0 /* DailyFeedNewsController+UICollectionView.swift in Sources */ = {isa = PBXBuildFile; fileRef = 0635050F1E1BAF13002510B0 /* DailyFeedNewsController+UICollectionView.swift */; };
		064FA8EE1E4C95B200693D12 /* BookmarkViewController.swift in Sources */ = {isa = PBXBuildFile; fileRef = 064FA8ED1E4C95B200693D12 /* BookmarkViewController.swift */; };
		064FA8F01E4DB76100693D12 /* BookmarkActivity.swift in Sources */ = {isa = PBXBuildFile; fileRef = 064FA8EF1E4DB76000693D12 /* BookmarkActivity.swift */; };
		064FA8F31E52D48900693D12 /* BookmarkItemsCell.swift in Sources */ = {isa = PBXBuildFile; fileRef = 064FA8F11E52D48800693D12 /* BookmarkItemsCell.swift */; };
		064FA8F41E52D48900693D12 /* BookmarkItemsCell.xib in Resources */ = {isa = PBXBuildFile; fileRef = 064FA8F21E52D48800693D12 /* BookmarkItemsCell.xib */; };
		064FA8FA1E5DA98000693D12 /* DailyFeedRealmModel.swift in Sources */ = {isa = PBXBuildFile; fileRef = 064FA8F91E5DA98000693D12 /* DailyFeedRealmModel.swift */; };
		06529E7D1E408DC6003DA45B /* NewsDetailViewController+StateRestoration.swift in Sources */ = {isa = PBXBuildFile; fileRef = 06529E7C1E408DC6003DA45B /* NewsDetailViewController+StateRestoration.swift */; };
		068496AC1E23AA2900DBD5A6 /* UIViewControllerExtension.swift in Sources */ = {isa = PBXBuildFile; fileRef = 068496AB1E23AA2900DBD5A6 /* UIViewControllerExtension.swift */; };
		06A310381E4B24F30011E827 /* DailySourceModel.swift in Sources */ = {isa = PBXBuildFile; fileRef = 0635050B1E165EA0002510B0 /* DailySourceModel.swift */; };
		06C38FD01E35E43C004429DD /* Date+Relative.swift in Sources */ = {isa = PBXBuildFile; fileRef = 06C38FCF1E35E43C004429DD /* Date+Relative.swift */; };
		06CAC5981E28A3D600EF72BB /* NewsAPI.swift in Sources */ = {isa = PBXBuildFile; fileRef = 06CAC5971E28A3D600EF72BB /* NewsAPI.swift */; };
		06D04C1F1E1248DB0013B4AA /* AppDelegate.swift in Sources */ = {isa = PBXBuildFile; fileRef = 06D04C1E1E1248DB0013B4AA /* AppDelegate.swift */; };
		06D04C211E1248DB0013B4AA /* DailyFeedNewsController.swift in Sources */ = {isa = PBXBuildFile; fileRef = 06D04C201E1248DB0013B4AA /* DailyFeedNewsController.swift */; };
		06D04C241E1248DB0013B4AA /* Main.storyboard in Resources */ = {isa = PBXBuildFile; fileRef = 06D04C221E1248DB0013B4AA /* Main.storyboard */; };
		06D04C261E1248DB0013B4AA /* Assets.xcassets in Resources */ = {isa = PBXBuildFile; fileRef = 06D04C251E1248DB0013B4AA /* Assets.xcassets */; };
		06D04C291E1248DB0013B4AA /* LaunchScreen.storyboard in Resources */ = {isa = PBXBuildFile; fileRef = 06D04C271E1248DB0013B4AA /* LaunchScreen.storyboard */; };
		06D04C3F1E1248DC0013B4AA /* DailyFeedUITests.swift in Sources */ = {isa = PBXBuildFile; fileRef = 06D04C3E1E1248DC0013B4AA /* DailyFeedUITests.swift */; };
		06D04C4D1E1249430013B4AA /* DailyFeedModel.swift in Sources */ = {isa = PBXBuildFile; fileRef = 06D04C4C1E1249430013B4AA /* DailyFeedModel.swift */; };
		06D04C4F1E1262460013B4AA /* NewsDetailViewController.swift in Sources */ = {isa = PBXBuildFile; fileRef = 06D04C4E1E1262460013B4AA /* NewsDetailViewController.swift */; };
		06D04C511E126BD40013B4AA /* UIImageExtension.swift in Sources */ = {isa = PBXBuildFile; fileRef = 06D04C501E126BD40013B4AA /* UIImageExtension.swift */; };
		06D04C541E13945D0013B4AA /* DailyFeedItemCell.swift in Sources */ = {isa = PBXBuildFile; fileRef = 06D04C521E13945C0013B4AA /* DailyFeedItemCell.swift */; };
		06D04C551E13945D0013B4AA /* DailyFeedItemCell.xib in Resources */ = {isa = PBXBuildFile; fileRef = 06D04C531E13945C0013B4AA /* DailyFeedItemCell.xib */; };
		06D04C571E13948C0013B4AA /* TSImageView.swift in Sources */ = {isa = PBXBuildFile; fileRef = 06D04C561E13948C0013B4AA /* TSImageView.swift */; };
		18ED43F60A376F539342E24E /* CoreMedia.framework in Frameworks */ = {isa = PBXBuildFile; fileRef = 0BAE988B87D0616DEA014085 /* CoreMedia.framework */; };
		2027D8AB1EEF2FDC00FE145B /* Serializable.swift in Sources */ = {isa = PBXBuildFile; fileRef = 2027D8AA1EEF2FDC00FE145B /* Serializable.swift */; };
		2038F9761F49AA3C0097503D /* NewsDetailPopAnimator.swift in Sources */ = {isa = PBXBuildFile; fileRef = 2038F9751F49AA3C0097503D /* NewsDetailPopAnimator.swift */; };
		207A5C251E9C1C6E00E4FC45 /* DailyFeedDetailItemCell.swift in Sources */ = {isa = PBXBuildFile; fileRef = 207A5C231E9C1C6E00E4FC45 /* DailyFeedDetailItemCell.swift */; };
		207A5C261E9C1C6E00E4FC45 /* DailyFeedDetailItemCell.xib in Resources */ = {isa = PBXBuildFile; fileRef = 207A5C241E9C1C6E00E4FC45 /* DailyFeedDetailItemCell.xib */; };
		2085CBC41EF9216900D26594 /* JSONDecodingError.swift in Sources */ = {isa = PBXBuildFile; fileRef = 2085CBC31EF9216900D26594 /* JSONDecodingError.swift */; };
		2085CBC61EF9218B00D26594 /* ResultType.swift in Sources */ = {isa = PBXBuildFile; fileRef = 2085CBC51EF9218B00D26594 /* ResultType.swift */; };
		208C18271EA3CD81007BC052 /* Settings.bundle in Resources */ = {isa = PBXBuildFile; fileRef = 208C18261EA3CD81007BC052 /* Settings.bundle */; };
		208FBB5B1EDB1C36009C2539 /* DailySourceItemiPadLayout.swift in Sources */ = {isa = PBXBuildFile; fileRef = 208FBB5A1EDB1C36009C2539 /* DailySourceItemiPadLayout.swift */; };
		20EA15751EA28C6700047523 /* Reach.swift in Sources */ = {isa = PBXBuildFile; fileRef = 20EA15741EA28C6700047523 /* Reach.swift */; };
		33209811F6D956499D3007EB /* SystemConfiguration.framework in Frameworks */ = {isa = PBXBuildFile; fileRef = 8B13AAE731CC3C2827E2B0C2 /* SystemConfiguration.framework */; };
		3B2CC50282DC134448F3A58A /* QuartzCore.framework in Frameworks */ = {isa = PBXBuildFile; fileRef = D6D938716CB2644F8FE6904C /* QuartzCore.framework */; };
		4E6BCD44E375D4568FD31B26 /* AVFoundation.framework in Frameworks */ = {isa = PBXBuildFile; fileRef = 80AA2450FF7F60A50F08A9F8 /* AVFoundation.framework */; };
		7A069BDE14BC48BF6EF444E6 /* CoreVideo.framework in Frameworks */ = {isa = PBXBuildFile; fileRef = 0CE71099B985DFA7F61C07BE /* CoreVideo.framework */; };
		953C685821A071CC006750F8 /* IconTransitions.json in Resources */ = {isa = PBXBuildFile; fileRef = 953C685721A071CC006750F8 /* IconTransitions.json */; };
		B012C5D521E0E09B0084C974 /* SnapshotHelper.swift in Sources */ = {isa = PBXBuildFile; fileRef = B012C5D421E0E09B0084C974 /* SnapshotHelper.swift */; };
		B03AE22921DF3ED300816B1E /* Localizable.strings in Resources */ = {isa = PBXBuildFile; fileRef = B03AE22721DF3ED300816B1E /* Localizable.strings */; };
		B092791C21E9B03300882D25 /* SourceTableCellTableViewCell.swift in Sources */ = {isa = PBXBuildFile; fileRef = B092791B21E9B03300882D25 /* SourceTableCellTableViewCell.swift */; };
		BF3E3EF3B745B55ADCBE90FA /* Pods_DailyFeed.framework in Frameworks */ = {isa = PBXBuildFile; fileRef = D0F173573F8F2C56C6A3483F /* Pods_DailyFeed.framework */; };
		EC7250BD6730BFE124454F2F /* CoreText.framework in Frameworks */ = {isa = PBXBuildFile; fileRef = 6579D7A0A06BC46128FF3D16 /* CoreText.framework */; };
/* End PBXBuildFile section */

/* Begin PBXContainerItemProxy section */
		06D04C3B1E1248DB0013B4AA /* PBXContainerItemProxy */ = {
			isa = PBXContainerItemProxy;
			containerPortal = 06D04C131E1248DA0013B4AA /* Project object */;
			proxyType = 1;
			remoteGlobalIDString = 06D04C1A1E1248DA0013B4AA;
			remoteInfo = DailyFeed;
		};
/* End PBXContainerItemProxy section */

/* Begin PBXCopyFilesBuildPhase section */
		0618B77D1E40B74D00BC8096 /* Embed App Extensions */ = {
			isa = PBXCopyFilesBuildPhase;
			buildActionMask = 2147483647;
			dstPath = "";
			dstSubfolderSpec = 13;
			files = (
			);
			name = "Embed App Extensions";
			runOnlyForDeploymentPostprocessing = 0;
		};
/* End PBXCopyFilesBuildPhase section */

/* Begin PBXFileReference section */
		0606C7661E4C47A800D03739 /* Lottie.framework */ = {isa = PBXFileReference; lastKnownFileType = wrapper.framework; name = Lottie.framework; path = Carthage/Build/iOS/Lottie.framework; sourceTree = "<group>"; };
		060D64871E31EB400053F2AB /* DailySourceItemLayout.swift */ = {isa = PBXFileReference; fileEncoding = 4; lastKnownFileType = sourcecode.swift; path = DailySourceItemLayout.swift; sourceTree = "<group>"; };
		0618B76E1E40B74D00BC8096 /* NotificationCenter.framework */ = {isa = PBXFileReference; lastKnownFileType = wrapper.framework; name = NotificationCenter.framework; path = System/Library/Frameworks/NotificationCenter.framework; sourceTree = SDKROOT; };
		062169571E260AE800ECB0AB /* DailySourceItemCell.swift */ = {isa = PBXFileReference; fileEncoding = 4; lastKnownFileType = sourcecode.swift; path = DailySourceItemCell.swift; sourceTree = "<group>"; };
		062169581E260AE800ECB0AB /* DailySourceItemCell.xib */ = {isa = PBXFileReference; fileEncoding = 4; lastKnownFileType = file.xib; path = DailySourceItemCell.xib; sourceTree = "<group>"; };
		063504FB1E151C4A002510B0 /* DFSafariViewController.swift */ = {isa = PBXFileReference; fileEncoding = 4; lastKnownFileType = sourcecode.swift; path = DFSafariViewController.swift; sourceTree = "<group>"; };
		063505011E15342C002510B0 /* NewsSourceViewController.swift */ = {isa = PBXFileReference; fileEncoding = 4; lastKnownFileType = sourcecode.swift; path = NewsSourceViewController.swift; sourceTree = "<group>"; };
		0635050B1E165EA0002510B0 /* DailySourceModel.swift */ = {isa = PBXFileReference; fileEncoding = 4; lastKnownFileType = sourcecode.swift; path = DailySourceModel.swift; sourceTree = "<group>"; };
		0635050D1E1BA50D002510B0 /* TSSpinnerView.swift */ = {isa = PBXFileReference; fileEncoding = 4; lastKnownFileType = sourcecode.swift; path = TSSpinnerView.swift; sourceTree = "<group>"; };
		0635050F1E1BAF13002510B0 /* DailyFeedNewsController+UICollectionView.swift */ = {isa = PBXFileReference; fileEncoding = 4; lastKnownFileType = sourcecode.swift; path = "DailyFeedNewsController+UICollectionView.swift"; sourceTree = "<group>"; };
		064FA8ED1E4C95B200693D12 /* BookmarkViewController.swift */ = {isa = PBXFileReference; fileEncoding = 4; lastKnownFileType = sourcecode.swift; path = BookmarkViewController.swift; sourceTree = "<group>"; };
		064FA8EF1E4DB76000693D12 /* BookmarkActivity.swift */ = {isa = PBXFileReference; fileEncoding = 4; lastKnownFileType = sourcecode.swift; path = BookmarkActivity.swift; sourceTree = "<group>"; };
		064FA8F11E52D48800693D12 /* BookmarkItemsCell.swift */ = {isa = PBXFileReference; fileEncoding = 4; lastKnownFileType = sourcecode.swift; path = BookmarkItemsCell.swift; sourceTree = "<group>"; };
		064FA8F21E52D48800693D12 /* BookmarkItemsCell.xib */ = {isa = PBXFileReference; fileEncoding = 4; lastKnownFileType = file.xib; path = BookmarkItemsCell.xib; sourceTree = "<group>"; };
		064FA8F91E5DA98000693D12 /* DailyFeedRealmModel.swift */ = {isa = PBXFileReference; fileEncoding = 4; lastKnownFileType = sourcecode.swift; path = DailyFeedRealmModel.swift; sourceTree = "<group>"; };
		06529E7C1E408DC6003DA45B /* NewsDetailViewController+StateRestoration.swift */ = {isa = PBXFileReference; fileEncoding = 4; lastKnownFileType = sourcecode.swift; path = "NewsDetailViewController+StateRestoration.swift"; sourceTree = "<group>"; };
		068496AB1E23AA2900DBD5A6 /* UIViewControllerExtension.swift */ = {isa = PBXFileReference; fileEncoding = 4; lastKnownFileType = sourcecode.swift; path = UIViewControllerExtension.swift; sourceTree = "<group>"; };
		06C38FCF1E35E43C004429DD /* Date+Relative.swift */ = {isa = PBXFileReference; fileEncoding = 4; lastKnownFileType = sourcecode.swift; path = "Date+Relative.swift"; sourceTree = "<group>"; };
		06CAC5971E28A3D600EF72BB /* NewsAPI.swift */ = {isa = PBXFileReference; fileEncoding = 4; lastKnownFileType = sourcecode.swift; path = NewsAPI.swift; sourceTree = "<group>"; };
		06D04C1B1E1248DA0013B4AA /* DailyFeed.app */ = {isa = PBXFileReference; explicitFileType = wrapper.application; includeInIndex = 0; path = DailyFeed.app; sourceTree = BUILT_PRODUCTS_DIR; };
		06D04C1E1E1248DB0013B4AA /* AppDelegate.swift */ = {isa = PBXFileReference; lastKnownFileType = sourcecode.swift; path = AppDelegate.swift; sourceTree = "<group>"; wrapsLines = 0; };
		06D04C201E1248DB0013B4AA /* DailyFeedNewsController.swift */ = {isa = PBXFileReference; lastKnownFileType = sourcecode.swift; path = DailyFeedNewsController.swift; sourceTree = "<group>"; };
		06D04C231E1248DB0013B4AA /* Base */ = {isa = PBXFileReference; lastKnownFileType = file.storyboard; name = Base; path = Base.lproj/Main.storyboard; sourceTree = "<group>"; };
		06D04C251E1248DB0013B4AA /* Assets.xcassets */ = {isa = PBXFileReference; lastKnownFileType = folder.assetcatalog; path = Assets.xcassets; sourceTree = "<group>"; };
		06D04C281E1248DB0013B4AA /* Base */ = {isa = PBXFileReference; lastKnownFileType = file.storyboard; name = Base; path = Base.lproj/LaunchScreen.storyboard; sourceTree = "<group>"; };
		06D04C2A1E1248DB0013B4AA /* Info.plist */ = {isa = PBXFileReference; lastKnownFileType = text.plist.xml; path = Info.plist; sourceTree = "<group>"; };
		06D04C3A1E1248DB0013B4AA /* DailyFeedUITests.xctest */ = {isa = PBXFileReference; explicitFileType = wrapper.cfbundle; includeInIndex = 0; path = DailyFeedUITests.xctest; sourceTree = BUILT_PRODUCTS_DIR; };
		06D04C3E1E1248DC0013B4AA /* DailyFeedUITests.swift */ = {isa = PBXFileReference; lastKnownFileType = sourcecode.swift; path = DailyFeedUITests.swift; sourceTree = "<group>"; };
		06D04C401E1248DC0013B4AA /* Info.plist */ = {isa = PBXFileReference; lastKnownFileType = text.plist.xml; path = Info.plist; sourceTree = "<group>"; };
		06D04C4C1E1249430013B4AA /* DailyFeedModel.swift */ = {isa = PBXFileReference; fileEncoding = 4; lastKnownFileType = sourcecode.swift; path = DailyFeedModel.swift; sourceTree = "<group>"; };
		06D04C4E1E1262460013B4AA /* NewsDetailViewController.swift */ = {isa = PBXFileReference; fileEncoding = 4; lastKnownFileType = sourcecode.swift; path = NewsDetailViewController.swift; sourceTree = "<group>"; };
		06D04C501E126BD40013B4AA /* UIImageExtension.swift */ = {isa = PBXFileReference; fileEncoding = 4; lastKnownFileType = sourcecode.swift; path = UIImageExtension.swift; sourceTree = "<group>"; };
		06D04C521E13945C0013B4AA /* DailyFeedItemCell.swift */ = {isa = PBXFileReference; fileEncoding = 4; lastKnownFileType = sourcecode.swift; path = DailyFeedItemCell.swift; sourceTree = "<group>"; };
		06D04C531E13945C0013B4AA /* DailyFeedItemCell.xib */ = {isa = PBXFileReference; fileEncoding = 4; lastKnownFileType = file.xib; path = DailyFeedItemCell.xib; sourceTree = "<group>"; };
		06D04C561E13948C0013B4AA /* TSImageView.swift */ = {isa = PBXFileReference; fileEncoding = 4; lastKnownFileType = sourcecode.swift; path = TSImageView.swift; sourceTree = "<group>"; };
		0BAE988B87D0616DEA014085 /* CoreMedia.framework */ = {isa = PBXFileReference; lastKnownFileType = wrapper.framework; name = CoreMedia.framework; path = System/Library/Frameworks/CoreMedia.framework; sourceTree = SDKROOT; };
		0CE71099B985DFA7F61C07BE /* CoreVideo.framework */ = {isa = PBXFileReference; lastKnownFileType = wrapper.framework; name = CoreVideo.framework; path = System/Library/Frameworks/CoreVideo.framework; sourceTree = SDKROOT; };
		1721C260D75D69EF09A4D02A /* Pods-DailyFeed.debug.xcconfig */ = {isa = PBXFileReference; includeInIndex = 1; lastKnownFileType = text.xcconfig; name = "Pods-DailyFeed.debug.xcconfig"; path = "Pods/Target Support Files/Pods-DailyFeed/Pods-DailyFeed.debug.xcconfig"; sourceTree = "<group>"; };
		2027D8AA1EEF2FDC00FE145B /* Serializable.swift */ = {isa = PBXFileReference; lastKnownFileType = sourcecode.swift; path = Serializable.swift; sourceTree = "<group>"; };
		2038F9751F49AA3C0097503D /* NewsDetailPopAnimator.swift */ = {isa = PBXFileReference; lastKnownFileType = sourcecode.swift; path = NewsDetailPopAnimator.swift; sourceTree = "<group>"; };
		207A5C231E9C1C6E00E4FC45 /* DailyFeedDetailItemCell.swift */ = {isa = PBXFileReference; fileEncoding = 4; lastKnownFileType = sourcecode.swift; path = DailyFeedDetailItemCell.swift; sourceTree = "<group>"; };
		207A5C241E9C1C6E00E4FC45 /* DailyFeedDetailItemCell.xib */ = {isa = PBXFileReference; fileEncoding = 4; lastKnownFileType = file.xib; path = DailyFeedDetailItemCell.xib; sourceTree = "<group>"; };
		2085CBC31EF9216900D26594 /* JSONDecodingError.swift */ = {isa = PBXFileReference; lastKnownFileType = sourcecode.swift; path = JSONDecodingError.swift; sourceTree = "<group>"; };
		2085CBC51EF9218B00D26594 /* ResultType.swift */ = {isa = PBXFileReference; lastKnownFileType = sourcecode.swift; path = ResultType.swift; sourceTree = "<group>"; };
		208C18261EA3CD81007BC052 /* Settings.bundle */ = {isa = PBXFileReference; lastKnownFileType = "wrapper.plug-in"; path = Settings.bundle; sourceTree = "<group>"; };
		208FBB5A1EDB1C36009C2539 /* DailySourceItemiPadLayout.swift */ = {isa = PBXFileReference; fileEncoding = 4; lastKnownFileType = sourcecode.swift; path = DailySourceItemiPadLayout.swift; sourceTree = "<group>"; };
		20EA15741EA28C6700047523 /* Reach.swift */ = {isa = PBXFileReference; fileEncoding = 4; lastKnownFileType = sourcecode.swift; path = Reach.swift; sourceTree = "<group>"; };
		3F4B271DBAED1076F1C63A67 /* Pods-DailyFeedTests.debug.xcconfig */ = {isa = PBXFileReference; includeInIndex = 1; lastKnownFileType = text.xcconfig; name = "Pods-DailyFeedTests.debug.xcconfig"; path = "Pods/Target Support Files/Pods-DailyFeedTests/Pods-DailyFeedTests.debug.xcconfig"; sourceTree = "<group>"; };
		5539A81DBCC7A45D01F5CCB3 /* Pods-DailyFeed.release.xcconfig */ = {isa = PBXFileReference; includeInIndex = 1; lastKnownFileType = text.xcconfig; name = "Pods-DailyFeed.release.xcconfig"; path = "Pods/Target Support Files/Pods-DailyFeed/Pods-DailyFeed.release.xcconfig"; sourceTree = "<group>"; };
		56EA0AEF3558331B8AD9B3DC /* Pods_DailyFeedUITests.framework */ = {isa = PBXFileReference; explicitFileType = wrapper.framework; includeInIndex = 0; path = Pods_DailyFeedUITests.framework; sourceTree = BUILT_PRODUCTS_DIR; };
		58B2007D05E7918650A75085 /* Pods_DailyFeedTests.framework */ = {isa = PBXFileReference; explicitFileType = wrapper.framework; includeInIndex = 0; path = Pods_DailyFeedTests.framework; sourceTree = BUILT_PRODUCTS_DIR; };
		5AED84813097317D8F7BC76F /* BuddyBuildSDK.framework */ = {isa = PBXFileReference; lastKnownFileType = wrapper.framework; path = BuddyBuildSDK.framework; sourceTree = "<group>"; };
		5FC3839392D2356ACF37A1F7 /* Pods_News_Now.framework */ = {isa = PBXFileReference; explicitFileType = wrapper.framework; includeInIndex = 0; path = Pods_News_Now.framework; sourceTree = BUILT_PRODUCTS_DIR; };
		6579D7A0A06BC46128FF3D16 /* CoreText.framework */ = {isa = PBXFileReference; lastKnownFileType = wrapper.framework; name = CoreText.framework; path = System/Library/Frameworks/CoreText.framework; sourceTree = SDKROOT; };
		7314A561F80C2D11A6AB0E63 /* Pods-DailyFeedTests.release.xcconfig */ = {isa = PBXFileReference; includeInIndex = 1; lastKnownFileType = text.xcconfig; name = "Pods-DailyFeedTests.release.xcconfig"; path = "Pods/Target Support Files/Pods-DailyFeedTests/Pods-DailyFeedTests.release.xcconfig"; sourceTree = "<group>"; };
		80AA2450FF7F60A50F08A9F8 /* AVFoundation.framework */ = {isa = PBXFileReference; lastKnownFileType = wrapper.framework; name = AVFoundation.framework; path = System/Library/Frameworks/AVFoundation.framework; sourceTree = SDKROOT; };
		8B13AAE731CC3C2827E2B0C2 /* SystemConfiguration.framework */ = {isa = PBXFileReference; lastKnownFileType = wrapper.framework; name = SystemConfiguration.framework; path = System/Library/Frameworks/SystemConfiguration.framework; sourceTree = SDKROOT; };
		953C685721A071CC006750F8 /* IconTransitions.json */ = {isa = PBXFileReference; fileEncoding = 4; lastKnownFileType = text.json; path = IconTransitions.json; sourceTree = "<group>"; };
		A531524C2A570ADFDBDA0451 /* AssetsLibrary.framework */ = {isa = PBXFileReference; lastKnownFileType = wrapper.framework; name = AssetsLibrary.framework; path = System/Library/Frameworks/AssetsLibrary.framework; sourceTree = SDKROOT; };
		B012C5D421E0E09B0084C974 /* SnapshotHelper.swift */ = {isa = PBXFileReference; fileEncoding = 4; lastKnownFileType = sourcecode.swift; name = SnapshotHelper.swift; path = fastlane/SnapshotHelper.swift; sourceTree = SOURCE_ROOT; };
		B03AE22321DF3E0800816B1E /* en */ = {isa = PBXFileReference; lastKnownFileType = text.plist.strings; name = en; path = en.lproj/Main.strings; sourceTree = "<group>"; };
		B03AE22821DF3ED300816B1E /* en */ = {isa = PBXFileReference; lastKnownFileType = text.plist.strings; name = en; path = Views/en.lproj/Localizable.strings; sourceTree = "<group>"; };
		B092791B21E9B03300882D25 /* SourceTableCellTableViewCell.swift */ = {isa = PBXFileReference; lastKnownFileType = sourcecode.swift; path = SourceTableCellTableViewCell.swift; sourceTree = "<group>"; };
		B0B6C61121DF35D3008B9C0B /* el */ = {isa = PBXFileReference; lastKnownFileType = text.plist.strings; name = el; path = el.lproj/Main.strings; sourceTree = "<group>"; };
		B0B6C61221DF35D3008B9C0B /* el */ = {isa = PBXFileReference; lastKnownFileType = text.plist.strings; name = el; path = el.lproj/LaunchScreen.strings; sourceTree = "<group>"; };
		B0D980F521E0329000BB2BA5 /* el */ = {isa = PBXFileReference; lastKnownFileType = text.plist.strings; name = el; path = Views/el.lproj/Localizable.strings; sourceTree = "<group>"; };
		D0F173573F8F2C56C6A3483F /* Pods_DailyFeed.framework */ = {isa = PBXFileReference; explicitFileType = wrapper.framework; includeInIndex = 0; path = Pods_DailyFeed.framework; sourceTree = BUILT_PRODUCTS_DIR; };
		D1D7734AD5DFC5D8F8DD5CB0 /* Pods-News Now.release.xcconfig */ = {isa = PBXFileReference; includeInIndex = 1; lastKnownFileType = text.xcconfig; name = "Pods-News Now.release.xcconfig"; path = "Pods/Target Support Files/Pods-News Now/Pods-News Now.release.xcconfig"; sourceTree = "<group>"; };
		D6D938716CB2644F8FE6904C /* QuartzCore.framework */ = {isa = PBXFileReference; lastKnownFileType = wrapper.framework; name = QuartzCore.framework; path = System/Library/Frameworks/QuartzCore.framework; sourceTree = SDKROOT; };
		E18B06086150616A4B3A60A3 /* Pods-News Now.debug.xcconfig */ = {isa = PBXFileReference; includeInIndex = 1; lastKnownFileType = text.xcconfig; name = "Pods-News Now.debug.xcconfig"; path = "Pods/Target Support Files/Pods-News Now/Pods-News Now.debug.xcconfig"; sourceTree = "<group>"; };
		E27AD38198DA5C1A50E0D004 /* Bridging-Header.h */ = {isa = PBXFileReference; includeInIndex = 1; lastKnownFileType = sourcecode.c.h; path = "Bridging-Header.h"; sourceTree = "<group>"; };
		E99DAE9BB0A7EFABFF566249 /* CoreTelephony.framework */ = {isa = PBXFileReference; lastKnownFileType = wrapper.framework; name = CoreTelephony.framework; path = System/Library/Frameworks/CoreTelephony.framework; sourceTree = SDKROOT; };
/* End PBXFileReference section */

/* Begin PBXFrameworksBuildPhase section */
		06D04C181E1248DA0013B4AA /* Frameworks */ = {
			isa = PBXFrameworksBuildPhase;
			buildActionMask = 2147483647;
			files = (
				EC7250BD6730BFE124454F2F /* CoreText.framework in Frameworks */,
				33209811F6D956499D3007EB /* SystemConfiguration.framework in Frameworks */,
				3B2CC50282DC134448F3A58A /* QuartzCore.framework in Frameworks */,
				4E6BCD44E375D4568FD31B26 /* AVFoundation.framework in Frameworks */,
				18ED43F60A376F539342E24E /* CoreMedia.framework in Frameworks */,
				7A069BDE14BC48BF6EF444E6 /* CoreVideo.framework in Frameworks */,
				BF3E3EF3B745B55ADCBE90FA /* Pods_DailyFeed.framework in Frameworks */,
			);
			runOnlyForDeploymentPostprocessing = 0;
		};
		06D04C371E1248DB0013B4AA /* Frameworks */ = {
			isa = PBXFrameworksBuildPhase;
			buildActionMask = 2147483647;
			files = (
			);
			runOnlyForDeploymentPostprocessing = 0;
		};
/* End PBXFrameworksBuildPhase section */

/* Begin PBXGroup section */
		0618B76D1E40B74D00BC8096 /* Frameworks */ = {
			isa = PBXGroup;
			children = (
				0606C7661E4C47A800D03739 /* Lottie.framework */,
				0618B76E1E40B74D00BC8096 /* NotificationCenter.framework */,
				5AED84813097317D8F7BC76F /* BuddyBuildSDK.framework */,
				A531524C2A570ADFDBDA0451 /* AssetsLibrary.framework */,
				6579D7A0A06BC46128FF3D16 /* CoreText.framework */,
				E99DAE9BB0A7EFABFF566249 /* CoreTelephony.framework */,
				8B13AAE731CC3C2827E2B0C2 /* SystemConfiguration.framework */,
				D6D938716CB2644F8FE6904C /* QuartzCore.framework */,
				80AA2450FF7F60A50F08A9F8 /* AVFoundation.framework */,
				0BAE988B87D0616DEA014085 /* CoreMedia.framework */,
				0CE71099B985DFA7F61C07BE /* CoreVideo.framework */,
				D0F173573F8F2C56C6A3483F /* Pods_DailyFeed.framework */,
				58B2007D05E7918650A75085 /* Pods_DailyFeedTests.framework */,
				56EA0AEF3558331B8AD9B3DC /* Pods_DailyFeedUITests.framework */,
				5FC3839392D2356ACF37A1F7 /* Pods_News_Now.framework */,
			);
			name = Frameworks;
			sourceTree = "<group>";
		};
		06D04C121E1248DA0013B4AA = {
			isa = PBXGroup;
			children = (
				06D04C1D1E1248DA0013B4AA /* DailyFeed */,
				06D04C3D1E1248DC0013B4AA /* DailyFeedUITests */,
				0618B76D1E40B74D00BC8096 /* Frameworks */,
				06D04C1C1E1248DA0013B4AA /* Products */,
				E27AD38198DA5C1A50E0D004 /* Bridging-Header.h */,
				3EEEBD274CB31BA2841191D5 /* Pods */,
			);
			sourceTree = "<group>";
		};
		06D04C1C1E1248DA0013B4AA /* Products */ = {
			isa = PBXGroup;
			children = (
				06D04C1B1E1248DA0013B4AA /* DailyFeed.app */,
				06D04C3A1E1248DB0013B4AA /* DailyFeedUITests.xctest */,
			);
			name = Products;
			sourceTree = "<group>";
		};
		06D04C1D1E1248DA0013B4AA /* DailyFeed */ = {
			isa = PBXGroup;
			children = (
				953C685121A070A5006750F8 /* 📦Model */,
				953C685221A070CD006750F8 /* Views */,
				953C685321A070EB006750F8 /* 📱Controllers */,
				953C685621A07186006750F8 /* 📡Network */,
				953C685521A07161006750F8 /* Cells */,
				953C685421A0713C006750F8 /* Supporting Files */,
				06D04C2A1E1248DB0013B4AA /* Info.plist */,
				B03AE22721DF3ED300816B1E /* Localizable.strings */,
			);
			path = DailyFeed;
			sourceTree = "<group>";
		};
		06D04C3D1E1248DC0013B4AA /* DailyFeedUITests */ = {
			isa = PBXGroup;
			children = (
				B012C5D421E0E09B0084C974 /* SnapshotHelper.swift */,
				06D04C3E1E1248DC0013B4AA /* DailyFeedUITests.swift */,
				06D04C401E1248DC0013B4AA /* Info.plist */,
			);
			path = DailyFeedUITests;
			sourceTree = "<group>";
		};
		3EEEBD274CB31BA2841191D5 /* Pods */ = {
			isa = PBXGroup;
			children = (
				1721C260D75D69EF09A4D02A /* Pods-DailyFeed.debug.xcconfig */,
				5539A81DBCC7A45D01F5CCB3 /* Pods-DailyFeed.release.xcconfig */,
				3F4B271DBAED1076F1C63A67 /* Pods-DailyFeedTests.debug.xcconfig */,
				7314A561F80C2D11A6AB0E63 /* Pods-DailyFeedTests.release.xcconfig */,
				E18B06086150616A4B3A60A3 /* Pods-News Now.debug.xcconfig */,
				D1D7734AD5DFC5D8F8DD5CB0 /* Pods-News Now.release.xcconfig */,
			);
			name = Pods;
			sourceTree = "<group>";
		};
		953C685121A070A5006750F8 /* 📦Model */ = {
			isa = PBXGroup;
			children = (
				06D04C4C1E1249430013B4AA /* DailyFeedModel.swift */,
				0635050B1E165EA0002510B0 /* DailySourceModel.swift */,
				064FA8F91E5DA98000693D12 /* DailyFeedRealmModel.swift */,
			);
			path = "📦Model";
			sourceTree = "<group>";
		};
		953C685221A070CD006750F8 /* Views */ = {
			isa = PBXGroup;
			children = (
				06D04C221E1248DB0013B4AA /* Main.storyboard */,
				06D04C271E1248DB0013B4AA /* LaunchScreen.storyboard */,
				060D64871E31EB400053F2AB /* DailySourceItemLayout.swift */,
				2038F9751F49AA3C0097503D /* NewsDetailPopAnimator.swift */,
				208FBB5A1EDB1C36009C2539 /* DailySourceItemiPadLayout.swift */,
			);
			path = Views;
			sourceTree = "<group>";
		};
		953C685321A070EB006750F8 /* 📱Controllers */ = {
			isa = PBXGroup;
			children = (
				064FA8ED1E4C95B200693D12 /* BookmarkViewController.swift */,
				06D04C201E1248DB0013B4AA /* DailyFeedNewsController.swift */,
				0635050F1E1BAF13002510B0 /* DailyFeedNewsController+UICollectionView.swift */,
				06D04C4E1E1262460013B4AA /* NewsDetailViewController.swift */,
				06529E7C1E408DC6003DA45B /* NewsDetailViewController+StateRestoration.swift */,
				063504FB1E151C4A002510B0 /* DFSafariViewController.swift */,
				063505011E15342C002510B0 /* NewsSourceViewController.swift */,
			);
			path = "📱Controllers";
			sourceTree = "<group>";
		};
		953C685421A0713C006750F8 /* Supporting Files */ = {
			isa = PBXGroup;
			children = (
				06D04C1E1E1248DB0013B4AA /* AppDelegate.swift */,
				208C18261EA3CD81007BC052 /* Settings.bundle */,
				06D04C251E1248DB0013B4AA /* Assets.xcassets */,
				953C685921A071D0006750F8 /* Lottie Assets */,
				0635050D1E1BA50D002510B0 /* TSSpinnerView.swift */,
				2027D8AA1EEF2FDC00FE145B /* Serializable.swift */,
				06D04C561E13948C0013B4AA /* TSImageView.swift */,
				20EA15741EA28C6700047523 /* Reach.swift */,
				064FA8EF1E4DB76000693D12 /* BookmarkActivity.swift */,
				2085CBC31EF9216900D26594 /* JSONDecodingError.swift */,
				2085CBC51EF9218B00D26594 /* ResultType.swift */,
				06C38FCF1E35E43C004429DD /* Date+Relative.swift */,
				06D04C501E126BD40013B4AA /* UIImageExtension.swift */,
				068496AB1E23AA2900DBD5A6 /* UIViewControllerExtension.swift */,
			);
			path = "Supporting Files";
			sourceTree = "<group>";
		};
		953C685521A07161006750F8 /* Cells */ = {
			isa = PBXGroup;
			children = (
				06D04C521E13945C0013B4AA /* DailyFeedItemCell.swift */,
				064FA8F11E52D48800693D12 /* BookmarkItemsCell.swift */,
				064FA8F21E52D48800693D12 /* BookmarkItemsCell.xib */,
				062169571E260AE800ECB0AB /* DailySourceItemCell.swift */,
				207A5C231E9C1C6E00E4FC45 /* DailyFeedDetailItemCell.swift */,
				207A5C241E9C1C6E00E4FC45 /* DailyFeedDetailItemCell.xib */,
				062169581E260AE800ECB0AB /* DailySourceItemCell.xib */,
				06D04C531E13945C0013B4AA /* DailyFeedItemCell.xib */,
				B092791B21E9B03300882D25 /* SourceTableCellTableViewCell.swift */,
			);
			path = Cells;
			sourceTree = "<group>";
		};
		953C685621A07186006750F8 /* 📡Network */ = {
			isa = PBXGroup;
			children = (
				06CAC5971E28A3D600EF72BB /* NewsAPI.swift */,
			);
			path = "📡Network";
			sourceTree = "<group>";
		};
		953C685921A071D0006750F8 /* Lottie Assets */ = {
			isa = PBXGroup;
			children = (
				953C685721A071CC006750F8 /* IconTransitions.json */,
			);
			path = "Lottie Assets";
			sourceTree = "<group>";
		};
/* End PBXGroup section */

/* Begin PBXNativeTarget section */
		06D04C1A1E1248DA0013B4AA /* DailyFeed */ = {
			isa = PBXNativeTarget;
			buildConfigurationList = 06D04C431E1248DC0013B4AA /* Build configuration list for PBXNativeTarget "DailyFeed" */;
			buildPhases = (
				6D231186B76E5C15DC1569A6 /* [CP] Check Pods Manifest.lock */,
				06D04C171E1248DA0013B4AA /* Sources */,
				06D04C181E1248DA0013B4AA /* Frameworks */,
				06D04C191E1248DA0013B4AA /* Resources */,
				0618B77D1E40B74D00BC8096 /* Embed App Extensions */,
				065792151E3875FE0043505D /* ShellScript */,
				CC41EAD5C12CF8C3A77147CF /* [CP] Embed Pods Frameworks */,
			);
			buildRules = (
			);
			dependencies = (
			);
			name = DailyFeed;
			productName = DailyFeed;
			productReference = 06D04C1B1E1248DA0013B4AA /* DailyFeed.app */;
			productType = "com.apple.product-type.application";
		};
		06D04C391E1248DB0013B4AA /* DailyFeedUITests */ = {
			isa = PBXNativeTarget;
			buildConfigurationList = 06D04C491E1248DC0013B4AA /* Build configuration list for PBXNativeTarget "DailyFeedUITests" */;
			buildPhases = (
				06D04C361E1248DB0013B4AA /* Sources */,
				06D04C371E1248DB0013B4AA /* Frameworks */,
				06D04C381E1248DB0013B4AA /* Resources */,
			);
			buildRules = (
			);
			dependencies = (
				06D04C3C1E1248DB0013B4AA /* PBXTargetDependency */,
			);
			name = DailyFeedUITests;
			productName = DailyFeedUITests;
			productReference = 06D04C3A1E1248DB0013B4AA /* DailyFeedUITests.xctest */;
			productType = "com.apple.product-type.bundle.ui-testing";
		};
/* End PBXNativeTarget section */

/* Begin PBXProject section */
		06D04C131E1248DA0013B4AA /* Project object */ = {
			isa = PBXProject;
			attributes = {
				LastSwiftUpdateCheck = 0820;
				LastUpgradeCheck = 1010;
				ORGANIZATIONNAME = trianz;
				TargetAttributes = {
					06D04C1A1E1248DA0013B4AA = {
						CreatedOnToolsVersion = 7.3;
						DevelopmentTeam = 5T7UHW36CL;
						LastSwiftMigration = 1010;
						ProvisioningStyle = Automatic;
						SystemCapabilities = {
							com.apple.ApplicationGroups.iOS = {
								enabled = 0;
							};
						};
					};
					06D04C391E1248DB0013B4AA = {
						CreatedOnToolsVersion = 7.3;
						LastSwiftMigration = 1010;
						TestTargetID = 06D04C1A1E1248DA0013B4AA;
					};
				};
			};
			buildConfigurationList = 06D04C161E1248DA0013B4AA /* Build configuration list for PBXProject "DailyFeed" */;
			compatibilityVersion = "Xcode 3.2";
			developmentRegion = English;
			hasScannedForEncodings = 0;
			knownRegions = (
				en,
				Base,
				el,
			);
			mainGroup = 06D04C121E1248DA0013B4AA;
			productRefGroup = 06D04C1C1E1248DA0013B4AA /* Products */;
			projectDirPath = "";
			projectRoot = "";
			targets = (
				06D04C1A1E1248DA0013B4AA /* DailyFeed */,
				06D04C391E1248DB0013B4AA /* DailyFeedUITests */,
			);
		};
/* End PBXProject section */

/* Begin PBXResourcesBuildPhase section */
		06D04C191E1248DA0013B4AA /* Resources */ = {
			isa = PBXResourcesBuildPhase;
			buildActionMask = 2147483647;
			files = (
				953C685821A071CC006750F8 /* IconTransitions.json in Resources */,
				06D04C551E13945D0013B4AA /* DailyFeedItemCell.xib in Resources */,
				064FA8F41E52D48900693D12 /* BookmarkItemsCell.xib in Resources */,
				06D04C291E1248DB0013B4AA /* LaunchScreen.storyboard in Resources */,
				208C18271EA3CD81007BC052 /* Settings.bundle in Resources */,
				B03AE22921DF3ED300816B1E /* Localizable.strings in Resources */,
				06D04C261E1248DB0013B4AA /* Assets.xcassets in Resources */,
				0621695A1E260AE800ECB0AB /* DailySourceItemCell.xib in Resources */,
				06D04C241E1248DB0013B4AA /* Main.storyboard in Resources */,
				207A5C261E9C1C6E00E4FC45 /* DailyFeedDetailItemCell.xib in Resources */,
			);
			runOnlyForDeploymentPostprocessing = 0;
		};
		06D04C381E1248DB0013B4AA /* Resources */ = {
			isa = PBXResourcesBuildPhase;
			buildActionMask = 2147483647;
			files = (
			);
			runOnlyForDeploymentPostprocessing = 0;
		};
/* End PBXResourcesBuildPhase section */

/* Begin PBXShellScriptBuildPhase section */
		065792151E3875FE0043505D /* ShellScript */ = {
			isa = PBXShellScriptBuildPhase;
			buildActionMask = 2147483647;
			files = (
			);
			inputPaths = (
			);
			outputPaths = (
			);
			runOnlyForDeploymentPostprocessing = 0;
			shellPath = /bin/sh;
			shellScript = "";
		};
		6D231186B76E5C15DC1569A6 /* [CP] Check Pods Manifest.lock */ = {
			isa = PBXShellScriptBuildPhase;
			buildActionMask = 2147483647;
			files = (
			);
			inputPaths = (
				"${PODS_PODFILE_DIR_PATH}/Podfile.lock",
				"${PODS_ROOT}/Manifest.lock",
			);
			name = "[CP] Check Pods Manifest.lock";
			outputPaths = (
				"$(DERIVED_FILE_DIR)/Pods-DailyFeed-checkManifestLockResult.txt",
			);
			runOnlyForDeploymentPostprocessing = 0;
			shellPath = /bin/sh;
			shellScript = "diff \"${PODS_PODFILE_DIR_PATH}/Podfile.lock\" \"${PODS_ROOT}/Manifest.lock\" > /dev/null\nif [ $? != 0 ] ; then\n    # print error to STDERR\n    echo \"error: The sandbox is not in sync with the Podfile.lock. Run 'pod install' or update your CocoaPods installation.\" >&2\n    exit 1\nfi\n# This output is used by Xcode 'outputs' to avoid re-running this script phase.\necho \"SUCCESS\" > \"${SCRIPT_OUTPUT_FILE_0}\"\n";
			showEnvVarsInLog = 0;
		};
		CC41EAD5C12CF8C3A77147CF /* [CP] Embed Pods Frameworks */ = {
			isa = PBXShellScriptBuildPhase;
			buildActionMask = 2147483647;
			files = (
			);
			inputPaths = (
				"${SRCROOT}/Pods/Target Support Files/Pods-DailyFeed/Pods-DailyFeed-frameworks.sh",
				"${BUILT_PRODUCTS_DIR}/DZNEmptyDataSet/DZNEmptyDataSet.framework",
				"${BUILT_PRODUCTS_DIR}/PromiseKit/PromiseKit.framework",
				"${BUILT_PRODUCTS_DIR}/Realm/Realm.framework",
				"${BUILT_PRODUCTS_DIR}/RealmSwift/RealmSwift.framework",
				"${BUILT_PRODUCTS_DIR}/lottie-ios/Lottie.framework",
			);
			name = "[CP] Embed Pods Frameworks";
			outputPaths = (
				"${TARGET_BUILD_DIR}/${FRAMEWORKS_FOLDER_PATH}/DZNEmptyDataSet.framework",
				"${TARGET_BUILD_DIR}/${FRAMEWORKS_FOLDER_PATH}/PromiseKit.framework",
				"${TARGET_BUILD_DIR}/${FRAMEWORKS_FOLDER_PATH}/Realm.framework",
				"${TARGET_BUILD_DIR}/${FRAMEWORKS_FOLDER_PATH}/RealmSwift.framework",
				"${TARGET_BUILD_DIR}/${FRAMEWORKS_FOLDER_PATH}/Lottie.framework",
			);
			runOnlyForDeploymentPostprocessing = 0;
			shellPath = /bin/sh;
			shellScript = "\"${SRCROOT}/Pods/Target Support Files/Pods-DailyFeed/Pods-DailyFeed-frameworks.sh\"\n";
			showEnvVarsInLog = 0;
		};
/* End PBXShellScriptBuildPhase section */

/* Begin PBXSourcesBuildPhase section */
		06D04C171E1248DA0013B4AA /* Sources */ = {
			isa = PBXSourcesBuildPhase;
			buildActionMask = 2147483647;
			files = (
				064FA8EE1E4C95B200693D12 /* BookmarkViewController.swift in Sources */,
				064FA8F01E4DB76100693D12 /* BookmarkActivity.swift in Sources */,
				06D04C4F1E1262460013B4AA /* NewsDetailViewController.swift in Sources */,
				2027D8AB1EEF2FDC00FE145B /* Serializable.swift in Sources */,
				06A310381E4B24F30011E827 /* DailySourceModel.swift in Sources */,
				B092791C21E9B03300882D25 /* SourceTableCellTableViewCell.swift in Sources */,
				06D04C211E1248DB0013B4AA /* DailyFeedNewsController.swift in Sources */,
				063504FC1E151C4A002510B0 /* DFSafariViewController.swift in Sources */,
				06D04C571E13948C0013B4AA /* TSImageView.swift in Sources */,
				0635050E1E1BA50E002510B0 /* TSSpinnerView.swift in Sources */,
				063505021E15342C002510B0 /* NewsSourceViewController.swift in Sources */,
				06D04C541E13945D0013B4AA /* DailyFeedItemCell.swift in Sources */,
				06D04C4D1E1249430013B4AA /* DailyFeedModel.swift in Sources */,
				063505101E1BAF13002510B0 /* DailyFeedNewsController+UICollectionView.swift in Sources */,
				06CAC5981E28A3D600EF72BB /* NewsAPI.swift in Sources */,
				06D04C511E126BD40013B4AA /* UIImageExtension.swift in Sources */,
				060D64881E31EB400053F2AB /* DailySourceItemLayout.swift in Sources */,
				208FBB5B1EDB1C36009C2539 /* DailySourceItemiPadLayout.swift in Sources */,
				207A5C251E9C1C6E00E4FC45 /* DailyFeedDetailItemCell.swift in Sources */,
				064FA8FA1E5DA98000693D12 /* DailyFeedRealmModel.swift in Sources */,
				20EA15751EA28C6700047523 /* Reach.swift in Sources */,
				06C38FD01E35E43C004429DD /* Date+Relative.swift in Sources */,
				2038F9761F49AA3C0097503D /* NewsDetailPopAnimator.swift in Sources */,
				064FA8F31E52D48900693D12 /* BookmarkItemsCell.swift in Sources */,
				2085CBC41EF9216900D26594 /* JSONDecodingError.swift in Sources */,
				2085CBC61EF9218B00D26594 /* ResultType.swift in Sources */,
				062169591E260AE800ECB0AB /* DailySourceItemCell.swift in Sources */,
				06529E7D1E408DC6003DA45B /* NewsDetailViewController+StateRestoration.swift in Sources */,
				068496AC1E23AA2900DBD5A6 /* UIViewControllerExtension.swift in Sources */,
				06D04C1F1E1248DB0013B4AA /* AppDelegate.swift in Sources */,
			);
			runOnlyForDeploymentPostprocessing = 0;
		};
		06D04C361E1248DB0013B4AA /* Sources */ = {
			isa = PBXSourcesBuildPhase;
			buildActionMask = 2147483647;
			files = (
				06D04C3F1E1248DC0013B4AA /* DailyFeedUITests.swift in Sources */,
				B012C5D521E0E09B0084C974 /* SnapshotHelper.swift in Sources */,
			);
			runOnlyForDeploymentPostprocessing = 0;
		};
/* End PBXSourcesBuildPhase section */

/* Begin PBXTargetDependency section */
		06D04C3C1E1248DB0013B4AA /* PBXTargetDependency */ = {
			isa = PBXTargetDependency;
			target = 06D04C1A1E1248DA0013B4AA /* DailyFeed */;
			targetProxy = 06D04C3B1E1248DB0013B4AA /* PBXContainerItemProxy */;
		};
/* End PBXTargetDependency section */

/* Begin PBXVariantGroup section */
		06D04C221E1248DB0013B4AA /* Main.storyboard */ = {
			isa = PBXVariantGroup;
			children = (
				06D04C231E1248DB0013B4AA /* Base */,
				B0B6C61121DF35D3008B9C0B /* el */,
				B03AE22321DF3E0800816B1E /* en */,
			);
			name = Main.storyboard;
			sourceTree = "<group>";
		};
		06D04C271E1248DB0013B4AA /* LaunchScreen.storyboard */ = {
			isa = PBXVariantGroup;
			children = (
				06D04C281E1248DB0013B4AA /* Base */,
				B0B6C61221DF35D3008B9C0B /* el */,
			);
			name = LaunchScreen.storyboard;
			sourceTree = "<group>";
		};
		B03AE22721DF3ED300816B1E /* Localizable.strings */ = {
			isa = PBXVariantGroup;
			children = (
				B03AE22821DF3ED300816B1E /* en */,
				B0D980F521E0329000BB2BA5 /* el */,
			);
			name = Localizable.strings;
			sourceTree = "<group>";
		};
/* End PBXVariantGroup section */

/* Begin XCBuildConfiguration section */
		06D04C411E1248DC0013B4AA /* Debug */ = {
			isa = XCBuildConfiguration;
			buildSettings = {
				ALWAYS_SEARCH_USER_PATHS = NO;
				CLANG_ANALYZER_LOCALIZABILITY_NONLOCALIZED = YES;
				CLANG_ANALYZER_NONNULL = YES;
				CLANG_CXX_LANGUAGE_STANDARD = "gnu++0x";
				CLANG_CXX_LIBRARY = "libc++";
				CLANG_ENABLE_MODULES = YES;
				CLANG_ENABLE_OBJC_ARC = YES;
				CLANG_WARN_BLOCK_CAPTURE_AUTORELEASING = YES;
				CLANG_WARN_BOOL_CONVERSION = YES;
				CLANG_WARN_COMMA = YES;
				CLANG_WARN_CONSTANT_CONVERSION = YES;
				CLANG_WARN_DEPRECATED_OBJC_IMPLEMENTATIONS = YES;
				CLANG_WARN_DIRECT_OBJC_ISA_USAGE = YES_ERROR;
				CLANG_WARN_EMPTY_BODY = YES;
				CLANG_WARN_ENUM_CONVERSION = YES;
				CLANG_WARN_INFINITE_RECURSION = YES;
				CLANG_WARN_INT_CONVERSION = YES;
				CLANG_WARN_NON_LITERAL_NULL_CONVERSION = YES;
				CLANG_WARN_OBJC_IMPLICIT_RETAIN_SELF = YES;
				CLANG_WARN_OBJC_LITERAL_CONVERSION = YES;
				CLANG_WARN_OBJC_ROOT_CLASS = YES_ERROR;
				CLANG_WARN_RANGE_LOOP_ANALYSIS = YES;
				CLANG_WARN_STRICT_PROTOTYPES = YES;
				CLANG_WARN_SUSPICIOUS_MOVE = YES;
				CLANG_WARN_UNREACHABLE_CODE = YES;
				CLANG_WARN__DUPLICATE_METHOD_MATCH = YES;
				"CODE_SIGN_IDENTITY[sdk=iphoneos*]" = "iPhone Developer";
				COPY_PHASE_STRIP = NO;
				DEBUG_INFORMATION_FORMAT = dwarf;
				ENABLE_STRICT_OBJC_MSGSEND = YES;
				ENABLE_TESTABILITY = YES;
				GCC_C_LANGUAGE_STANDARD = gnu99;
				GCC_DYNAMIC_NO_PIC = NO;
				GCC_NO_COMMON_BLOCKS = YES;
				GCC_OPTIMIZATION_LEVEL = 0;
				GCC_PREPROCESSOR_DEFINITIONS = (
					"DEBUG=1",
					"$(inherited)",
				);
				GCC_WARN_64_TO_32_BIT_CONVERSION = YES;
				GCC_WARN_ABOUT_RETURN_TYPE = YES_ERROR;
				GCC_WARN_UNDECLARED_SELECTOR = YES;
				GCC_WARN_UNINITIALIZED_AUTOS = YES_AGGRESSIVE;
				GCC_WARN_UNUSED_FUNCTION = YES;
				GCC_WARN_UNUSED_VARIABLE = YES;
				IPHONEOS_DEPLOYMENT_TARGET = 12.1;
				MTL_ENABLE_DEBUG_INFO = YES;
				ONLY_ACTIVE_ARCH = YES;
				SDKROOT = iphoneos;
				SWIFT_OPTIMIZATION_LEVEL = "-Onone";
			};
			name = Debug;
		};
		06D04C421E1248DC0013B4AA /* Release */ = {
			isa = XCBuildConfiguration;
			buildSettings = {
				ALWAYS_SEARCH_USER_PATHS = NO;
				CLANG_ANALYZER_LOCALIZABILITY_NONLOCALIZED = YES;
				CLANG_ANALYZER_NONNULL = YES;
				CLANG_CXX_LANGUAGE_STANDARD = "gnu++0x";
				CLANG_CXX_LIBRARY = "libc++";
				CLANG_ENABLE_MODULES = YES;
				CLANG_ENABLE_OBJC_ARC = YES;
				CLANG_WARN_BLOCK_CAPTURE_AUTORELEASING = YES;
				CLANG_WARN_BOOL_CONVERSION = YES;
				CLANG_WARN_COMMA = YES;
				CLANG_WARN_CONSTANT_CONVERSION = YES;
				CLANG_WARN_DEPRECATED_OBJC_IMPLEMENTATIONS = YES;
				CLANG_WARN_DIRECT_OBJC_ISA_USAGE = YES_ERROR;
				CLANG_WARN_EMPTY_BODY = YES;
				CLANG_WARN_ENUM_CONVERSION = YES;
				CLANG_WARN_INFINITE_RECURSION = YES;
				CLANG_WARN_INT_CONVERSION = YES;
				CLANG_WARN_NON_LITERAL_NULL_CONVERSION = YES;
				CLANG_WARN_OBJC_IMPLICIT_RETAIN_SELF = YES;
				CLANG_WARN_OBJC_LITERAL_CONVERSION = YES;
				CLANG_WARN_OBJC_ROOT_CLASS = YES_ERROR;
				CLANG_WARN_RANGE_LOOP_ANALYSIS = YES;
				CLANG_WARN_STRICT_PROTOTYPES = YES;
				CLANG_WARN_SUSPICIOUS_MOVE = YES;
				CLANG_WARN_UNREACHABLE_CODE = YES;
				CLANG_WARN__DUPLICATE_METHOD_MATCH = YES;
				"CODE_SIGN_IDENTITY[sdk=iphoneos*]" = "iPhone Developer";
				COPY_PHASE_STRIP = NO;
				DEBUG_INFORMATION_FORMAT = "dwarf-with-dsym";
				ENABLE_NS_ASSERTIONS = NO;
				ENABLE_STRICT_OBJC_MSGSEND = YES;
				GCC_C_LANGUAGE_STANDARD = gnu99;
				GCC_NO_COMMON_BLOCKS = YES;
				GCC_WARN_64_TO_32_BIT_CONVERSION = YES;
				GCC_WARN_ABOUT_RETURN_TYPE = YES_ERROR;
				GCC_WARN_UNDECLARED_SELECTOR = YES;
				GCC_WARN_UNINITIALIZED_AUTOS = YES_AGGRESSIVE;
				GCC_WARN_UNUSED_FUNCTION = YES;
				GCC_WARN_UNUSED_VARIABLE = YES;
				IPHONEOS_DEPLOYMENT_TARGET = 12.1;
				MTL_ENABLE_DEBUG_INFO = NO;
				SDKROOT = iphoneos;
				SWIFT_OPTIMIZATION_LEVEL = "-Owholemodule";
				VALIDATE_PRODUCT = YES;
			};
			name = Release;
		};
		06D04C441E1248DC0013B4AA /* Debug */ = {
			isa = XCBuildConfiguration;
			baseConfigurationReference = 1721C260D75D69EF09A4D02A /* Pods-DailyFeed.debug.xcconfig */;
			buildSettings = {
				ALWAYS_EMBED_SWIFT_STANDARD_LIBRARIES = "$(inherited)";
				ASSETCATALOG_COMPILER_APPICON_NAME = AppIcon;
				CODE_SIGN_IDENTITY = "iPhone Developer";
				CODE_SIGN_STYLE = Automatic;
				DEVELOPMENT_TEAM = 5T7UHW36CL;
				FRAMEWORK_SEARCH_PATHS = (
					"$(inherited)",
					"$(PROJECT_DIR)",
				);
				INFOPLIST_FILE = DailyFeed/Info.plist;
				IPHONEOS_DEPLOYMENT_TARGET = 12.1;
				LD_RUNPATH_SEARCH_PATHS = "$(inherited) @executable_path/Frameworks";
				PRODUCT_BUNDLE_IDENTIFIER = gr.phisakel.DailyFeed;
				PRODUCT_NAME = "$(TARGET_NAME)";
				PROVISIONING_PROFILE_SPECIFIER = "";
				SWIFT_OBJC_BRIDGING_HEADER = "Bridging-Header.h";
				SWIFT_VERSION = 4.2;
				TARGETED_DEVICE_FAMILY = "1,2";
			};
			name = Debug;
		};
		06D04C451E1248DC0013B4AA /* Release */ = {
			isa = XCBuildConfiguration;
			baseConfigurationReference = 5539A81DBCC7A45D01F5CCB3 /* Pods-DailyFeed.release.xcconfig */;
			buildSettings = {
				ALWAYS_EMBED_SWIFT_STANDARD_LIBRARIES = "$(inherited)";
				ASSETCATALOG_COMPILER_APPICON_NAME = AppIcon;
				CODE_SIGN_IDENTITY = "iPhone Developer";
				CODE_SIGN_STYLE = Automatic;
				DEVELOPMENT_TEAM = 5T7UHW36CL;
				FRAMEWORK_SEARCH_PATHS = (
					"$(inherited)",
					"$(PROJECT_DIR)",
				);
				INFOPLIST_FILE = DailyFeed/Info.plist;
				IPHONEOS_DEPLOYMENT_TARGET = 12.1;
				LD_RUNPATH_SEARCH_PATHS = "$(inherited) @executable_path/Frameworks";
				PRODUCT_BUNDLE_IDENTIFIER = gr.phisakel.DailyFeed;
				PRODUCT_NAME = "$(TARGET_NAME)";
				PROVISIONING_PROFILE_SPECIFIER = "";
				SWIFT_OBJC_BRIDGING_HEADER = "Bridging-Header.h";
				SWIFT_VERSION = 4.2;
				TARGETED_DEVICE_FAMILY = "1,2";
			};
			name = Release;
		};
		06D04C4A1E1248DC0013B4AA /* Debug */ = {
			isa = XCBuildConfiguration;
			buildSettings = {
				INFOPLIST_FILE = DailyFeedUITests/Info.plist;
				LD_RUNPATH_SEARCH_PATHS = "$(inherited) @executable_path/Frameworks @loader_path/Frameworks";
				PRODUCT_BUNDLE_IDENTIFIER = gr.phisakel.DailyFeed;
				PRODUCT_NAME = "$(TARGET_NAME)";
				SWIFT_VERSION = 4.2;
				TEST_TARGET_NAME = DailyFeed;
			};
			name = Debug;
		};
		06D04C4B1E1248DC0013B4AA /* Release */ = {
			isa = XCBuildConfiguration;
			buildSettings = {
				INFOPLIST_FILE = DailyFeedUITests/Info.plist;
				LD_RUNPATH_SEARCH_PATHS = "$(inherited) @executable_path/Frameworks @loader_path/Frameworks";
				PRODUCT_BUNDLE_IDENTIFIER = gr.phisakel.DailyFeed;
				PRODUCT_NAME = "$(TARGET_NAME)";
				SWIFT_VERSION = 4.2;
				TEST_TARGET_NAME = DailyFeed;
			};
			name = Release;
		};
/* End XCBuildConfiguration section */

/* Begin XCConfigurationList section */
		06D04C161E1248DA0013B4AA /* Build configuration list for PBXProject "DailyFeed" */ = {
			isa = XCConfigurationList;
			buildConfigurations = (
				06D04C411E1248DC0013B4AA /* Debug */,
				06D04C421E1248DC0013B4AA /* Release */,
			);
			defaultConfigurationIsVisible = 0;
			defaultConfigurationName = Release;
		};
		06D04C431E1248DC0013B4AA /* Build configuration list for PBXNativeTarget "DailyFeed" */ = {
			isa = XCConfigurationList;
			buildConfigurations = (
				06D04C441E1248DC0013B4AA /* Debug */,
				06D04C451E1248DC0013B4AA /* Release */,
			);
			defaultConfigurationIsVisible = 0;
			defaultConfigurationName = Release;
		};
		06D04C491E1248DC0013B4AA /* Build configuration list for PBXNativeTarget "DailyFeedUITests" */ = {
			isa = XCConfigurationList;
			buildConfigurations = (
				06D04C4A1E1248DC0013B4AA /* Debug */,
				06D04C4B1E1248DC0013B4AA /* Release */,
			);
			defaultConfigurationIsVisible = 0;
			defaultConfigurationName = Release;
		};
/* End XCConfigurationList section */
	};
	rootObject = 06D04C131E1248DA0013B4AA /* Project object */;
}
