// !$*UTF8*$!
{
	archiveVersion = 1;
	classes = {
	};
	objectVersion = 46;
	objects = {

/* Begin PBXBuildFile section */
		060D64801E30C3E20053F2AB /* NewsDetailViewControllerTests.swift in Sources */ = {isa = PBXBuildFile; fileRef = 060D647F1E30C3E20053F2AB /* NewsDetailViewControllerTests.swift */; };
		060D64821E30D6D10053F2AB /* TestData.swift in Sources */ = {isa = PBXBuildFile; fileRef = 060D64811E30D6D10053F2AB /* TestData.swift */; };
		060D64851E31E6E50053F2AB /* DailyFeedItemListCell.swift in Sources */ = {isa = PBXBuildFile; fileRef = 060D64831E31E6E50053F2AB /* DailyFeedItemListCell.swift */; };
		060D64861E31E6E50053F2AB /* DailyFeedItemListCell.xib in Resources */ = {isa = PBXBuildFile; fileRef = 060D64841E31E6E50053F2AB /* DailyFeedItemListCell.xib */; };
		060D64881E31EB400053F2AB /* DailySourceItemLayout.swift in Sources */ = {isa = PBXBuildFile; fileRef = 060D64871E31EB400053F2AB /* DailySourceItemLayout.swift */; };
		060D648A1E31EB540053F2AB /* DailySourceItemListLayout.swift in Sources */ = {isa = PBXBuildFile; fileRef = 060D64891E31EB540053F2AB /* DailySourceItemListLayout.swift */; };
		0618B76F1E40B74D00BC8096 /* NotificationCenter.framework in Frameworks */ = {isa = PBXBuildFile; fileRef = 0618B76E1E40B74D00BC8096 /* NotificationCenter.framework */; };
		0618B7721E40B74D00BC8096 /* TodayViewController.swift in Sources */ = {isa = PBXBuildFile; fileRef = 0618B7711E40B74D00BC8096 /* TodayViewController.swift */; };
		0618B7751E40B74D00BC8096 /* MainInterface.storyboard in Resources */ = {isa = PBXBuildFile; fileRef = 0618B7731E40B74D00BC8096 /* MainInterface.storyboard */; };
		0618B7791E40B74D00BC8096 /* News Now.appex in Embed App Extensions */ = {isa = PBXBuildFile; fileRef = 0618B76C1E40B74D00BC8096 /* News Now.appex */; settings = {ATTRIBUTES = (RemoveHeadersOnCopy, ); }; };
		0618B7861E40BA1B00BC8096 /* TodayImageCollectionViewCell.swift in Sources */ = {isa = PBXBuildFile; fileRef = 0618B7841E40BA1B00BC8096 /* TodayImageCollectionViewCell.swift */; };
		0618B7871E40BA1B00BC8096 /* TodayImageCollectionViewCell.xib in Resources */ = {isa = PBXBuildFile; fileRef = 0618B7851E40BA1B00BC8096 /* TodayImageCollectionViewCell.xib */; };
		0618B78D1E42083800BC8096 /* DailyFeedModel.swift in Sources */ = {isa = PBXBuildFile; fileRef = 06D04C4C1E1249430013B4AA /* DailyFeedModel.swift */; };
		0618B78E1E42084300BC8096 /* NewsAPI.swift in Sources */ = {isa = PBXBuildFile; fileRef = 06CAC5971E28A3D600EF72BB /* NewsAPI.swift */; };
		0618B78F1E42084A00BC8096 /* TSImageView.swift in Sources */ = {isa = PBXBuildFile; fileRef = 06D04C561E13948C0013B4AA /* TSImageView.swift */; };
		0618B7901E42084E00BC8096 /* Date+Relative.swift in Sources */ = {isa = PBXBuildFile; fileRef = 06C38FCF1E35E43C004429DD /* Date+Relative.swift */; };
		062169591E260AE800ECB0AB /* DailySourceItemCell.swift in Sources */ = {isa = PBXBuildFile; fileRef = 062169571E260AE800ECB0AB /* DailySourceItemCell.swift */; };
		0621695A1E260AE800ECB0AB /* DailySourceItemCell.xib in Resources */ = {isa = PBXBuildFile; fileRef = 062169581E260AE800ECB0AB /* DailySourceItemCell.xib */; };
		063504FC1E151C4A002510B0 /* MySafariViewController.swift in Sources */ = {isa = PBXBuildFile; fileRef = 063504FB1E151C4A002510B0 /* MySafariViewController.swift */; };
		063505021E15342C002510B0 /* NewsSourceViewController.swift in Sources */ = {isa = PBXBuildFile; fileRef = 063505011E15342C002510B0 /* NewsSourceViewController.swift */; };
		0635050A1E165C83002510B0 /* NewHeaderCollectionReusableView.swift in Sources */ = {isa = PBXBuildFile; fileRef = 063505091E165C83002510B0 /* NewHeaderCollectionReusableView.swift */; };
		0635050E1E1BA50E002510B0 /* TSSpinnerView.swift in Sources */ = {isa = PBXBuildFile; fileRef = 0635050D1E1BA50D002510B0 /* TSSpinnerView.swift */; };
		063505101E1BAF13002510B0 /* DailyFeedNewsController+UICollectionView.swift in Sources */ = {isa = PBXBuildFile; fileRef = 0635050F1E1BAF13002510B0 /* DailyFeedNewsController+UICollectionView.swift */; };
		064FA8EE1E4C95B200693D12 /* BookmarkViewController.swift in Sources */ = {isa = PBXBuildFile; fileRef = 064FA8ED1E4C95B200693D12 /* BookmarkViewController.swift */; };
		064FA8F01E4DB76100693D12 /* BookmarkActivity.swift in Sources */ = {isa = PBXBuildFile; fileRef = 064FA8EF1E4DB76000693D12 /* BookmarkActivity.swift */; };
		06529E7D1E408DC6003DA45B /* NewsDetailViewController+StateRestoration.swift in Sources */ = {isa = PBXBuildFile; fileRef = 06529E7C1E408DC6003DA45B /* NewsDetailViewController+StateRestoration.swift */; };
		068496AC1E23AA2900DBD5A6 /* UIViewControllerExtension.swift in Sources */ = {isa = PBXBuildFile; fileRef = 068496AB1E23AA2900DBD5A6 /* UIViewControllerExtension.swift */; };
		06A310381E4B24F30011E827 /* DailySourceModel.swift in Sources */ = {isa = PBXBuildFile; fileRef = 0635050B1E165EA0002510B0 /* DailySourceModel.swift */; };
		06A3103A1E4B25290011E827 /* DailySourceModel.swift in Sources */ = {isa = PBXBuildFile; fileRef = 0635050B1E165EA0002510B0 /* DailySourceModel.swift */; };
		06C38FD01E35E43C004429DD /* Date+Relative.swift in Sources */ = {isa = PBXBuildFile; fileRef = 06C38FCF1E35E43C004429DD /* Date+Relative.swift */; };
		06CAC5961E28A1EC00EF72BB /* DailyFeedModelTests.swift in Sources */ = {isa = PBXBuildFile; fileRef = 06CAC5951E28A1EC00EF72BB /* DailyFeedModelTests.swift */; };
		06CAC5981E28A3D600EF72BB /* NewsAPI.swift in Sources */ = {isa = PBXBuildFile; fileRef = 06CAC5971E28A3D600EF72BB /* NewsAPI.swift */; };
		06CAC59A1E28D81A00EF72BB /* DailySourceModelTests.swift in Sources */ = {isa = PBXBuildFile; fileRef = 06CAC5991E28D81A00EF72BB /* DailySourceModelTests.swift */; };
		06CAC59C1E28E4CA00EF72BB /* NewsAPITests.swift in Sources */ = {isa = PBXBuildFile; fileRef = 06CAC59B1E28E4CA00EF72BB /* NewsAPITests.swift */; };
		06CAC59E1E28E8A400EF72BB /* SFsafaricontrollerTests.swift in Sources */ = {isa = PBXBuildFile; fileRef = 06CAC59D1E28E8A400EF72BB /* SFsafaricontrollerTests.swift */; };
		06CB47871E4C4CEE007D1897 /* Logo.json in Resources */ = {isa = PBXBuildFile; fileRef = 06CB47861E4C4CEE007D1897 /* Logo.json */; };
		06CB478A1E4C5437007D1897 /* best.json in Resources */ = {isa = PBXBuildFile; fileRef = 06CB47891E4C5437007D1897 /* best.json */; };
		06CB478C1E4C6C82007D1897 /* IconTransitions.json in Resources */ = {isa = PBXBuildFile; fileRef = 06CB478B1E4C6C82007D1897 /* IconTransitions.json */; };
		06D04C1F1E1248DB0013B4AA /* AppDelegate.swift in Sources */ = {isa = PBXBuildFile; fileRef = 06D04C1E1E1248DB0013B4AA /* AppDelegate.swift */; };
		06D04C211E1248DB0013B4AA /* DailyFeedNewsController.swift in Sources */ = {isa = PBXBuildFile; fileRef = 06D04C201E1248DB0013B4AA /* DailyFeedNewsController.swift */; };
		06D04C241E1248DB0013B4AA /* Main.storyboard in Resources */ = {isa = PBXBuildFile; fileRef = 06D04C221E1248DB0013B4AA /* Main.storyboard */; };
		06D04C261E1248DB0013B4AA /* Assets.xcassets in Resources */ = {isa = PBXBuildFile; fileRef = 06D04C251E1248DB0013B4AA /* Assets.xcassets */; };
		06D04C291E1248DB0013B4AA /* LaunchScreen.storyboard in Resources */ = {isa = PBXBuildFile; fileRef = 06D04C271E1248DB0013B4AA /* LaunchScreen.storyboard */; };
		06D04C3F1E1248DC0013B4AA /* DailyFeedUITests.swift in Sources */ = {isa = PBXBuildFile; fileRef = 06D04C3E1E1248DC0013B4AA /* DailyFeedUITests.swift */; };
		06D04C4D1E1249430013B4AA /* DailyFeedModel.swift in Sources */ = {isa = PBXBuildFile; fileRef = 06D04C4C1E1249430013B4AA /* DailyFeedModel.swift */; };
		06D04C4F1E1262460013B4AA /* NewsDetailViewController.swift in Sources */ = {isa = PBXBuildFile; fileRef = 06D04C4E1E1262460013B4AA /* NewsDetailViewController.swift */; };
		06D04C511E126BD40013B4AA /* UIImageExtension.swift in Sources */ = {isa = PBXBuildFile; fileRef = 06D04C501E126BD40013B4AA /* UIImageExtension.swift */; };
		06D04C541E13945D0013B4AA /* DailyFeedItemCell.swift in Sources */ = {isa = PBXBuildFile; fileRef = 06D04C521E13945C0013B4AA /* DailyFeedItemCell.swift */; };
		06D04C551E13945D0013B4AA /* DailyFeedItemCell.xib in Resources */ = {isa = PBXBuildFile; fileRef = 06D04C531E13945C0013B4AA /* DailyFeedItemCell.xib */; };
		06D04C571E13948C0013B4AA /* TSImageView.swift in Sources */ = {isa = PBXBuildFile; fileRef = 06D04C561E13948C0013B4AA /* TSImageView.swift */; };
		06DFBE831E406C880091A1BC /* Date+RelativeTests.swift in Sources */ = {isa = PBXBuildFile; fileRef = 06DFBE821E406C870091A1BC /* Date+RelativeTests.swift */; };
		18ED43F60A376F539342E24E /* CoreMedia.framework in Frameworks */ = {isa = PBXBuildFile; fileRef = 0BAE988B87D0616DEA014085 /* CoreMedia.framework */; };
		29839D439F10D0BBA2B5A3CE /* Pods_News_Now.framework in Frameworks */ = {isa = PBXBuildFile; fileRef = 5FC3839392D2356ACF37A1F7 /* Pods_News_Now.framework */; };
		30828F9DA4A0B36D5D24F984 /* Pods_DailyFeedUITests.framework in Frameworks */ = {isa = PBXBuildFile; fileRef = 56EA0AEF3558331B8AD9B3DC /* Pods_DailyFeedUITests.framework */; };
		33209811F6D956499D3007EB /* SystemConfiguration.framework in Frameworks */ = {isa = PBXBuildFile; fileRef = 8B13AAE731CC3C2827E2B0C2 /* SystemConfiguration.framework */; };
		37A35D0A29C62FF6FC306ADE /* CoreTelephony.framework in Frameworks */ = {isa = PBXBuildFile; fileRef = E99DAE9BB0A7EFABFF566249 /* CoreTelephony.framework */; };
		3B2CC50282DC134448F3A58A /* QuartzCore.framework in Frameworks */ = {isa = PBXBuildFile; fileRef = D6D938716CB2644F8FE6904C /* QuartzCore.framework */; };
		4E6BCD44E375D4568FD31B26 /* AVFoundation.framework in Frameworks */ = {isa = PBXBuildFile; fileRef = 80AA2450FF7F60A50F08A9F8 /* AVFoundation.framework */; };
		6F6DD4998898C72CE44E9E77 /* BuddyBuildSDK.framework in Frameworks */ = {isa = PBXBuildFile; fileRef = 5AED84813097317D8F7BC76F /* BuddyBuildSDK.framework */; };
		7A069BDE14BC48BF6EF444E6 /* CoreVideo.framework in Frameworks */ = {isa = PBXBuildFile; fileRef = 0CE71099B985DFA7F61C07BE /* CoreVideo.framework */; };
		BF3E3EF3B745B55ADCBE90FA /* Pods_DailyFeed.framework in Frameworks */ = {isa = PBXBuildFile; fileRef = D0F173573F8F2C56C6A3483F /* Pods_DailyFeed.framework */; };
		E02D8BF84F06F394B5519221 /* Pods_DailyFeedTests.framework in Frameworks */ = {isa = PBXBuildFile; fileRef = 58B2007D05E7918650A75085 /* Pods_DailyFeedTests.framework */; };
		EC7250BD6730BFE124454F2F /* CoreText.framework in Frameworks */ = {isa = PBXBuildFile; fileRef = 6579D7A0A06BC46128FF3D16 /* CoreText.framework */; };
/* End PBXBuildFile section */

/* Begin PBXContainerItemProxy section */
		0618B7771E40B74D00BC8096 /* PBXContainerItemProxy */ = {
			isa = PBXContainerItemProxy;
			containerPortal = 06D04C131E1248DA0013B4AA /* Project object */;
			proxyType = 1;
			remoteGlobalIDString = 0618B76B1E40B74D00BC8096;
			remoteInfo = "News Now";
		};
		06D04C301E1248DB0013B4AA /* PBXContainerItemProxy */ = {
			isa = PBXContainerItemProxy;
			containerPortal = 06D04C131E1248DA0013B4AA /* Project object */;
			proxyType = 1;
			remoteGlobalIDString = 06D04C1A1E1248DA0013B4AA;
			remoteInfo = DailyFeed;
		};
		06D04C3B1E1248DB0013B4AA /* PBXContainerItemProxy */ = {
			isa = PBXContainerItemProxy;
			containerPortal = 06D04C131E1248DA0013B4AA /* Project object */;
			proxyType = 1;
			remoteGlobalIDString = 06D04C1A1E1248DA0013B4AA;
			remoteInfo = DailyFeed;
		};
/* End PBXContainerItemProxy section */

/* Begin PBXCopyFilesBuildPhase section */
		0618B77D1E40B74D00BC8096 /* Embed App Extensions */ = {
			isa = PBXCopyFilesBuildPhase;
			buildActionMask = 2147483647;
			dstPath = "";
			dstSubfolderSpec = 13;
			files = (
				0618B7791E40B74D00BC8096 /* News Now.appex in Embed App Extensions */,
			);
			name = "Embed App Extensions";
			runOnlyForDeploymentPostprocessing = 0;
		};
/* End PBXCopyFilesBuildPhase section */

/* Begin PBXFileReference section */
		0606C7661E4C47A800D03739 /* Lottie.framework */ = {isa = PBXFileReference; lastKnownFileType = wrapper.framework; name = Lottie.framework; path = Carthage/Build/iOS/Lottie.framework; sourceTree = "<group>"; };
		060D647F1E30C3E20053F2AB /* NewsDetailViewControllerTests.swift */ = {isa = PBXFileReference; fileEncoding = 4; lastKnownFileType = sourcecode.swift; path = NewsDetailViewControllerTests.swift; sourceTree = "<group>"; };
		060D64811E30D6D10053F2AB /* TestData.swift */ = {isa = PBXFileReference; fileEncoding = 4; lastKnownFileType = sourcecode.swift; path = TestData.swift; sourceTree = "<group>"; };
		060D64831E31E6E50053F2AB /* DailyFeedItemListCell.swift */ = {isa = PBXFileReference; fileEncoding = 4; lastKnownFileType = sourcecode.swift; path = DailyFeedItemListCell.swift; sourceTree = "<group>"; };
		060D64841E31E6E50053F2AB /* DailyFeedItemListCell.xib */ = {isa = PBXFileReference; fileEncoding = 4; lastKnownFileType = file.xib; path = DailyFeedItemListCell.xib; sourceTree = "<group>"; };
		060D64871E31EB400053F2AB /* DailySourceItemLayout.swift */ = {isa = PBXFileReference; fileEncoding = 4; lastKnownFileType = sourcecode.swift; path = DailySourceItemLayout.swift; sourceTree = "<group>"; };
		060D64891E31EB540053F2AB /* DailySourceItemListLayout.swift */ = {isa = PBXFileReference; fileEncoding = 4; lastKnownFileType = sourcecode.swift; path = DailySourceItemListLayout.swift; sourceTree = "<group>"; };
		0618B76C1E40B74D00BC8096 /* News Now.appex */ = {isa = PBXFileReference; explicitFileType = "wrapper.app-extension"; includeInIndex = 0; path = "News Now.appex"; sourceTree = BUILT_PRODUCTS_DIR; };
		0618B76E1E40B74D00BC8096 /* NotificationCenter.framework */ = {isa = PBXFileReference; lastKnownFileType = wrapper.framework; name = NotificationCenter.framework; path = System/Library/Frameworks/NotificationCenter.framework; sourceTree = SDKROOT; };
		0618B7711E40B74D00BC8096 /* TodayViewController.swift */ = {isa = PBXFileReference; lastKnownFileType = sourcecode.swift; path = TodayViewController.swift; sourceTree = "<group>"; };
		0618B7741E40B74D00BC8096 /* Base */ = {isa = PBXFileReference; lastKnownFileType = file.storyboard; name = Base; path = Base.lproj/MainInterface.storyboard; sourceTree = "<group>"; };
		0618B7761E40B74D00BC8096 /* Info.plist */ = {isa = PBXFileReference; lastKnownFileType = text.plist.xml; path = Info.plist; sourceTree = "<group>"; };
		0618B7841E40BA1B00BC8096 /* TodayImageCollectionViewCell.swift */ = {isa = PBXFileReference; fileEncoding = 4; lastKnownFileType = sourcecode.swift; path = TodayImageCollectionViewCell.swift; sourceTree = "<group>"; };
		0618B7851E40BA1B00BC8096 /* TodayImageCollectionViewCell.xib */ = {isa = PBXFileReference; fileEncoding = 4; lastKnownFileType = file.xib; path = TodayImageCollectionViewCell.xib; sourceTree = "<group>"; };
		0618B78A1E40BD7B00BC8096 /* News Now.entitlements */ = {isa = PBXFileReference; lastKnownFileType = text.plist.entitlements; path = "News Now.entitlements"; sourceTree = "<group>"; };
		062169571E260AE800ECB0AB /* DailySourceItemCell.swift */ = {isa = PBXFileReference; fileEncoding = 4; lastKnownFileType = sourcecode.swift; path = DailySourceItemCell.swift; sourceTree = "<group>"; };
		062169581E260AE800ECB0AB /* DailySourceItemCell.xib */ = {isa = PBXFileReference; fileEncoding = 4; lastKnownFileType = file.xib; path = DailySourceItemCell.xib; sourceTree = "<group>"; };
		063504FB1E151C4A002510B0 /* MySafariViewController.swift */ = {isa = PBXFileReference; fileEncoding = 4; lastKnownFileType = sourcecode.swift; path = MySafariViewController.swift; sourceTree = "<group>"; };
		063505011E15342C002510B0 /* NewsSourceViewController.swift */ = {isa = PBXFileReference; fileEncoding = 4; lastKnownFileType = sourcecode.swift; path = NewsSourceViewController.swift; sourceTree = "<group>"; };
		063505091E165C83002510B0 /* NewHeaderCollectionReusableView.swift */ = {isa = PBXFileReference; fileEncoding = 4; lastKnownFileType = sourcecode.swift; path = NewHeaderCollectionReusableView.swift; sourceTree = "<group>"; };
		0635050B1E165EA0002510B0 /* DailySourceModel.swift */ = {isa = PBXFileReference; fileEncoding = 4; lastKnownFileType = sourcecode.swift; path = DailySourceModel.swift; sourceTree = "<group>"; };
		0635050D1E1BA50D002510B0 /* TSSpinnerView.swift */ = {isa = PBXFileReference; fileEncoding = 4; lastKnownFileType = sourcecode.swift; path = TSSpinnerView.swift; sourceTree = "<group>"; };
		0635050F1E1BAF13002510B0 /* DailyFeedNewsController+UICollectionView.swift */ = {isa = PBXFileReference; fileEncoding = 4; lastKnownFileType = sourcecode.swift; path = "DailyFeedNewsController+UICollectionView.swift"; sourceTree = "<group>"; };
		064FA8ED1E4C95B200693D12 /* BookmarkViewController.swift */ = {isa = PBXFileReference; fileEncoding = 4; lastKnownFileType = sourcecode.swift; path = BookmarkViewController.swift; sourceTree = "<group>"; };
		064FA8EF1E4DB76000693D12 /* BookmarkActivity.swift */ = {isa = PBXFileReference; fileEncoding = 4; lastKnownFileType = sourcecode.swift; path = BookmarkActivity.swift; sourceTree = "<group>"; };
		06529E7C1E408DC6003DA45B /* NewsDetailViewController+StateRestoration.swift */ = {isa = PBXFileReference; fileEncoding = 4; lastKnownFileType = sourcecode.swift; path = "NewsDetailViewController+StateRestoration.swift"; sourceTree = "<group>"; };
		068496AB1E23AA2900DBD5A6 /* UIViewControllerExtension.swift */ = {isa = PBXFileReference; fileEncoding = 4; lastKnownFileType = sourcecode.swift; path = UIViewControllerExtension.swift; sourceTree = "<group>"; };
		06C38FCF1E35E43C004429DD /* Date+Relative.swift */ = {isa = PBXFileReference; fileEncoding = 4; lastKnownFileType = sourcecode.swift; path = "Date+Relative.swift"; sourceTree = "<group>"; };
		06CAC5951E28A1EC00EF72BB /* DailyFeedModelTests.swift */ = {isa = PBXFileReference; fileEncoding = 4; lastKnownFileType = sourcecode.swift; path = DailyFeedModelTests.swift; sourceTree = "<group>"; };
		06CAC5971E28A3D600EF72BB /* NewsAPI.swift */ = {isa = PBXFileReference; fileEncoding = 4; lastKnownFileType = sourcecode.swift; path = NewsAPI.swift; sourceTree = "<group>"; };
		06CAC5991E28D81A00EF72BB /* DailySourceModelTests.swift */ = {isa = PBXFileReference; fileEncoding = 4; lastKnownFileType = sourcecode.swift; path = DailySourceModelTests.swift; sourceTree = "<group>"; };
		06CAC59B1E28E4CA00EF72BB /* NewsAPITests.swift */ = {isa = PBXFileReference; fileEncoding = 4; lastKnownFileType = sourcecode.swift; path = NewsAPITests.swift; sourceTree = "<group>"; };
		06CAC59D1E28E8A400EF72BB /* SFsafaricontrollerTests.swift */ = {isa = PBXFileReference; fileEncoding = 4; lastKnownFileType = sourcecode.swift; path = SFsafaricontrollerTests.swift; sourceTree = "<group>"; };
		06CB47861E4C4CEE007D1897 /* Logo.json */ = {isa = PBXFileReference; fileEncoding = 4; lastKnownFileType = text.json; path = Logo.json; sourceTree = "<group>"; };
		06CB47891E4C5437007D1897 /* best.json */ = {isa = PBXFileReference; fileEncoding = 4; lastKnownFileType = text.json; path = best.json; sourceTree = "<group>"; };
		06CB478B1E4C6C82007D1897 /* IconTransitions.json */ = {isa = PBXFileReference; fileEncoding = 4; lastKnownFileType = text.json; path = IconTransitions.json; sourceTree = "<group>"; };
		06D04C1B1E1248DA0013B4AA /* DailyFeed.app */ = {isa = PBXFileReference; explicitFileType = wrapper.application; includeInIndex = 0; path = DailyFeed.app; sourceTree = BUILT_PRODUCTS_DIR; };
		06D04C1E1E1248DB0013B4AA /* AppDelegate.swift */ = {isa = PBXFileReference; lastKnownFileType = sourcecode.swift; path = AppDelegate.swift; sourceTree = "<group>"; };
		06D04C201E1248DB0013B4AA /* DailyFeedNewsController.swift */ = {isa = PBXFileReference; lastKnownFileType = sourcecode.swift; path = DailyFeedNewsController.swift; sourceTree = "<group>"; };
		06D04C231E1248DB0013B4AA /* Base */ = {isa = PBXFileReference; lastKnownFileType = file.storyboard; name = Base; path = Base.lproj/Main.storyboard; sourceTree = "<group>"; };
		06D04C251E1248DB0013B4AA /* Assets.xcassets */ = {isa = PBXFileReference; lastKnownFileType = folder.assetcatalog; path = Assets.xcassets; sourceTree = "<group>"; };
		06D04C281E1248DB0013B4AA /* Base */ = {isa = PBXFileReference; lastKnownFileType = file.storyboard; name = Base; path = Base.lproj/LaunchScreen.storyboard; sourceTree = "<group>"; };
		06D04C2A1E1248DB0013B4AA /* Info.plist */ = {isa = PBXFileReference; lastKnownFileType = text.plist.xml; path = Info.plist; sourceTree = "<group>"; };
		06D04C2F1E1248DB0013B4AA /* DailyFeedTests.xctest */ = {isa = PBXFileReference; explicitFileType = wrapper.cfbundle; includeInIndex = 0; path = DailyFeedTests.xctest; sourceTree = BUILT_PRODUCTS_DIR; };
		06D04C351E1248DB0013B4AA /* Info.plist */ = {isa = PBXFileReference; lastKnownFileType = text.plist.xml; path = Info.plist; sourceTree = "<group>"; };
		06D04C3A1E1248DB0013B4AA /* DailyFeedUITests.xctest */ = {isa = PBXFileReference; explicitFileType = wrapper.cfbundle; includeInIndex = 0; path = DailyFeedUITests.xctest; sourceTree = BUILT_PRODUCTS_DIR; };
		06D04C3E1E1248DC0013B4AA /* DailyFeedUITests.swift */ = {isa = PBXFileReference; lastKnownFileType = sourcecode.swift; path = DailyFeedUITests.swift; sourceTree = "<group>"; };
		06D04C401E1248DC0013B4AA /* Info.plist */ = {isa = PBXFileReference; lastKnownFileType = text.plist.xml; path = Info.plist; sourceTree = "<group>"; };
		06D04C4C1E1249430013B4AA /* DailyFeedModel.swift */ = {isa = PBXFileReference; fileEncoding = 4; lastKnownFileType = sourcecode.swift; path = DailyFeedModel.swift; sourceTree = "<group>"; };
		06D04C4E1E1262460013B4AA /* NewsDetailViewController.swift */ = {isa = PBXFileReference; fileEncoding = 4; lastKnownFileType = sourcecode.swift; path = NewsDetailViewController.swift; sourceTree = "<group>"; };
		06D04C501E126BD40013B4AA /* UIImageExtension.swift */ = {isa = PBXFileReference; fileEncoding = 4; lastKnownFileType = sourcecode.swift; path = UIImageExtension.swift; sourceTree = "<group>"; };
		06D04C521E13945C0013B4AA /* DailyFeedItemCell.swift */ = {isa = PBXFileReference; fileEncoding = 4; lastKnownFileType = sourcecode.swift; path = DailyFeedItemCell.swift; sourceTree = "<group>"; };
		06D04C531E13945C0013B4AA /* DailyFeedItemCell.xib */ = {isa = PBXFileReference; fileEncoding = 4; lastKnownFileType = file.xib; path = DailyFeedItemCell.xib; sourceTree = "<group>"; };
		06D04C561E13948C0013B4AA /* TSImageView.swift */ = {isa = PBXFileReference; fileEncoding = 4; lastKnownFileType = sourcecode.swift; path = TSImageView.swift; sourceTree = "<group>"; };
		06DFBE811E3F07010091A1BC /* DailyFeed.entitlements */ = {isa = PBXFileReference; lastKnownFileType = text.plist.entitlements; path = DailyFeed.entitlements; sourceTree = "<group>"; };
		06DFBE821E406C870091A1BC /* Date+RelativeTests.swift */ = {isa = PBXFileReference; fileEncoding = 4; lastKnownFileType = sourcecode.swift; path = "Date+RelativeTests.swift"; sourceTree = "<group>"; };
		0BAE988B87D0616DEA014085 /* CoreMedia.framework */ = {isa = PBXFileReference; lastKnownFileType = wrapper.framework; name = CoreMedia.framework; path = System/Library/Frameworks/CoreMedia.framework; sourceTree = SDKROOT; };
		0CE71099B985DFA7F61C07BE /* CoreVideo.framework */ = {isa = PBXFileReference; lastKnownFileType = wrapper.framework; name = CoreVideo.framework; path = System/Library/Frameworks/CoreVideo.framework; sourceTree = SDKROOT; };
		1721C260D75D69EF09A4D02A /* Pods-DailyFeed.debug.xcconfig */ = {isa = PBXFileReference; includeInIndex = 1; lastKnownFileType = text.xcconfig; name = "Pods-DailyFeed.debug.xcconfig"; path = "Pods/Target Support Files/Pods-DailyFeed/Pods-DailyFeed.debug.xcconfig"; sourceTree = "<group>"; };
		227CEC5EC28E895F3ED03F69 /* Pods-DailyFeedUITests.debug.xcconfig */ = {isa = PBXFileReference; includeInIndex = 1; lastKnownFileType = text.xcconfig; name = "Pods-DailyFeedUITests.debug.xcconfig"; path = "Pods/Target Support Files/Pods-DailyFeedUITests/Pods-DailyFeedUITests.debug.xcconfig"; sourceTree = "<group>"; };
		3F4B271DBAED1076F1C63A67 /* Pods-DailyFeedTests.debug.xcconfig */ = {isa = PBXFileReference; includeInIndex = 1; lastKnownFileType = text.xcconfig; name = "Pods-DailyFeedTests.debug.xcconfig"; path = "Pods/Target Support Files/Pods-DailyFeedTests/Pods-DailyFeedTests.debug.xcconfig"; sourceTree = "<group>"; };
		5539A81DBCC7A45D01F5CCB3 /* Pods-DailyFeed.release.xcconfig */ = {isa = PBXFileReference; includeInIndex = 1; lastKnownFileType = text.xcconfig; name = "Pods-DailyFeed.release.xcconfig"; path = "Pods/Target Support Files/Pods-DailyFeed/Pods-DailyFeed.release.xcconfig"; sourceTree = "<group>"; };
		56EA0AEF3558331B8AD9B3DC /* Pods_DailyFeedUITests.framework */ = {isa = PBXFileReference; explicitFileType = wrapper.framework; includeInIndex = 0; path = Pods_DailyFeedUITests.framework; sourceTree = BUILT_PRODUCTS_DIR; };
		58B2007D05E7918650A75085 /* Pods_DailyFeedTests.framework */ = {isa = PBXFileReference; explicitFileType = wrapper.framework; includeInIndex = 0; path = Pods_DailyFeedTests.framework; sourceTree = BUILT_PRODUCTS_DIR; };
		5AED84813097317D8F7BC76F /* BuddyBuildSDK.framework */ = {isa = PBXFileReference; lastKnownFileType = wrapper.framework; path = BuddyBuildSDK.framework; sourceTree = "<group>"; };
		5FC3839392D2356ACF37A1F7 /* Pods_News_Now.framework */ = {isa = PBXFileReference; explicitFileType = wrapper.framework; includeInIndex = 0; path = Pods_News_Now.framework; sourceTree = BUILT_PRODUCTS_DIR; };
		6579D7A0A06BC46128FF3D16 /* CoreText.framework */ = {isa = PBXFileReference; lastKnownFileType = wrapper.framework; name = CoreText.framework; path = System/Library/Frameworks/CoreText.framework; sourceTree = SDKROOT; };
		7314A561F80C2D11A6AB0E63 /* Pods-DailyFeedTests.release.xcconfig */ = {isa = PBXFileReference; includeInIndex = 1; lastKnownFileType = text.xcconfig; name = "Pods-DailyFeedTests.release.xcconfig"; path = "Pods/Target Support Files/Pods-DailyFeedTests/Pods-DailyFeedTests.release.xcconfig"; sourceTree = "<group>"; };
		80AA2450FF7F60A50F08A9F8 /* AVFoundation.framework */ = {isa = PBXFileReference; lastKnownFileType = wrapper.framework; name = AVFoundation.framework; path = System/Library/Frameworks/AVFoundation.framework; sourceTree = SDKROOT; };
		8B13AAE731CC3C2827E2B0C2 /* SystemConfiguration.framework */ = {isa = PBXFileReference; lastKnownFileType = wrapper.framework; name = SystemConfiguration.framework; path = System/Library/Frameworks/SystemConfiguration.framework; sourceTree = SDKROOT; };
		A531524C2A570ADFDBDA0451 /* AssetsLibrary.framework */ = {isa = PBXFileReference; lastKnownFileType = wrapper.framework; name = AssetsLibrary.framework; path = System/Library/Frameworks/AssetsLibrary.framework; sourceTree = SDKROOT; };
		D0F173573F8F2C56C6A3483F /* Pods_DailyFeed.framework */ = {isa = PBXFileReference; explicitFileType = wrapper.framework; includeInIndex = 0; path = Pods_DailyFeed.framework; sourceTree = BUILT_PRODUCTS_DIR; };
		D1414136B4D47660F4D789A2 /* Pods-DailyFeedUITests.release.xcconfig */ = {isa = PBXFileReference; includeInIndex = 1; lastKnownFileType = text.xcconfig; name = "Pods-DailyFeedUITests.release.xcconfig"; path = "Pods/Target Support Files/Pods-DailyFeedUITests/Pods-DailyFeedUITests.release.xcconfig"; sourceTree = "<group>"; };
		D1D7734AD5DFC5D8F8DD5CB0 /* Pods-News Now.release.xcconfig */ = {isa = PBXFileReference; includeInIndex = 1; lastKnownFileType = text.xcconfig; name = "Pods-News Now.release.xcconfig"; path = "Pods/Target Support Files/Pods-News Now/Pods-News Now.release.xcconfig"; sourceTree = "<group>"; };
		D6D938716CB2644F8FE6904C /* QuartzCore.framework */ = {isa = PBXFileReference; lastKnownFileType = wrapper.framework; name = QuartzCore.framework; path = System/Library/Frameworks/QuartzCore.framework; sourceTree = SDKROOT; };
		E18B06086150616A4B3A60A3 /* Pods-News Now.debug.xcconfig */ = {isa = PBXFileReference; includeInIndex = 1; lastKnownFileType = text.xcconfig; name = "Pods-News Now.debug.xcconfig"; path = "Pods/Target Support Files/Pods-News Now/Pods-News Now.debug.xcconfig"; sourceTree = "<group>"; };
		E27AD38198DA5C1A50E0D004 /* Bridging-Header.h */ = {isa = PBXFileReference; includeInIndex = 1; lastKnownFileType = sourcecode.c.h; path = "Bridging-Header.h"; sourceTree = "<group>"; };
		E99DAE9BB0A7EFABFF566249 /* CoreTelephony.framework */ = {isa = PBXFileReference; lastKnownFileType = wrapper.framework; name = CoreTelephony.framework; path = System/Library/Frameworks/CoreTelephony.framework; sourceTree = SDKROOT; };
/* End PBXFileReference section */

/* Begin PBXFrameworksBuildPhase section */
		0618B7691E40B74D00BC8096 /* Frameworks */ = {
			isa = PBXFrameworksBuildPhase;
			buildActionMask = 2147483647;
			files = (
				0618B76F1E40B74D00BC8096 /* NotificationCenter.framework in Frameworks */,
				29839D439F10D0BBA2B5A3CE /* Pods_News_Now.framework in Frameworks */,
			);
			runOnlyForDeploymentPostprocessing = 0;
		};
		06D04C181E1248DA0013B4AA /* Frameworks */ = {
			isa = PBXFrameworksBuildPhase;
			buildActionMask = 2147483647;
			files = (
				6F6DD4998898C72CE44E9E77 /* BuddyBuildSDK.framework in Frameworks */,
				EC7250BD6730BFE124454F2F /* CoreText.framework in Frameworks */,
				37A35D0A29C62FF6FC306ADE /* CoreTelephony.framework in Frameworks */,
				33209811F6D956499D3007EB /* SystemConfiguration.framework in Frameworks */,
				3B2CC50282DC134448F3A58A /* QuartzCore.framework in Frameworks */,
				4E6BCD44E375D4568FD31B26 /* AVFoundation.framework in Frameworks */,
				18ED43F60A376F539342E24E /* CoreMedia.framework in Frameworks */,
				7A069BDE14BC48BF6EF444E6 /* CoreVideo.framework in Frameworks */,
				BF3E3EF3B745B55ADCBE90FA /* Pods_DailyFeed.framework in Frameworks */,
			);
			runOnlyForDeploymentPostprocessing = 0;
		};
		06D04C2C1E1248DB0013B4AA /* Frameworks */ = {
			isa = PBXFrameworksBuildPhase;
			buildActionMask = 2147483647;
			files = (
				E02D8BF84F06F394B5519221 /* Pods_DailyFeedTests.framework in Frameworks */,
			);
			runOnlyForDeploymentPostprocessing = 0;
		};
		06D04C371E1248DB0013B4AA /* Frameworks */ = {
			isa = PBXFrameworksBuildPhase;
			buildActionMask = 2147483647;
			files = (
				30828F9DA4A0B36D5D24F984 /* Pods_DailyFeedUITests.framework in Frameworks */,
			);
			runOnlyForDeploymentPostprocessing = 0;
		};
/* End PBXFrameworksBuildPhase section */

/* Begin PBXGroup section */
		0618B76D1E40B74D00BC8096 /* Frameworks */ = {
			isa = PBXGroup;
			children = (
				0606C7661E4C47A800D03739 /* Lottie.framework */,
				0618B76E1E40B74D00BC8096 /* NotificationCenter.framework */,
				5AED84813097317D8F7BC76F /* BuddyBuildSDK.framework */,
				A531524C2A570ADFDBDA0451 /* AssetsLibrary.framework */,
				6579D7A0A06BC46128FF3D16 /* CoreText.framework */,
				E99DAE9BB0A7EFABFF566249 /* CoreTelephony.framework */,
				8B13AAE731CC3C2827E2B0C2 /* SystemConfiguration.framework */,
				D6D938716CB2644F8FE6904C /* QuartzCore.framework */,
				80AA2450FF7F60A50F08A9F8 /* AVFoundation.framework */,
				0BAE988B87D0616DEA014085 /* CoreMedia.framework */,
				0CE71099B985DFA7F61C07BE /* CoreVideo.framework */,
				D0F173573F8F2C56C6A3483F /* Pods_DailyFeed.framework */,
				58B2007D05E7918650A75085 /* Pods_DailyFeedTests.framework */,
				56EA0AEF3558331B8AD9B3DC /* Pods_DailyFeedUITests.framework */,
				5FC3839392D2356ACF37A1F7 /* Pods_News_Now.framework */,
			);
			name = Frameworks;
			sourceTree = "<group>";
		};
		0618B7701E40B74D00BC8096 /* News Now */ = {
			isa = PBXGroup;
			children = (
				0618B78A1E40BD7B00BC8096 /* News Now.entitlements */,
				0618B7841E40BA1B00BC8096 /* TodayImageCollectionViewCell.swift */,
				0618B7851E40BA1B00BC8096 /* TodayImageCollectionViewCell.xib */,
				0618B7711E40B74D00BC8096 /* TodayViewController.swift */,
				0618B7731E40B74D00BC8096 /* MainInterface.storyboard */,
				0618B7761E40B74D00BC8096 /* Info.plist */,
			);
			path = "News Now";
			sourceTree = "<group>";
		};
		063504FD1E151CFD002510B0 /* Controller */ = {
			isa = PBXGroup;
			children = (
				064FA8ED1E4C95B200693D12 /* BookmarkViewController.swift */,
				06D04C201E1248DB0013B4AA /* DailyFeedNewsController.swift */,
				0635050F1E1BAF13002510B0 /* DailyFeedNewsController+UICollectionView.swift */,
				06D04C4E1E1262460013B4AA /* NewsDetailViewController.swift */,
				06529E7C1E408DC6003DA45B /* NewsDetailViewController+StateRestoration.swift */,
				063504FB1E151C4A002510B0 /* MySafariViewController.swift */,
				063505011E15342C002510B0 /* NewsSourceViewController.swift */,
			);
			name = Controller;
			sourceTree = "<group>";
		};
		063504FE1E151D19002510B0 /* Model */ = {
			isa = PBXGroup;
			children = (
				06D04C4C1E1249430013B4AA /* DailyFeedModel.swift */,
				0635050B1E165EA0002510B0 /* DailySourceModel.swift */,
				06CAC5971E28A3D600EF72BB /* NewsAPI.swift */,
			);
			name = Model;
			sourceTree = "<group>";
		};
		063504FF1E151D2C002510B0 /* Supporting Files */ = {
			isa = PBXGroup;
			children = (
				06D04C2A1E1248DB0013B4AA /* Info.plist */,
				06D04C251E1248DB0013B4AA /* Assets.xcassets */,
				0635050D1E1BA50D002510B0 /* TSSpinnerView.swift */,
				06D04C561E13948C0013B4AA /* TSImageView.swift */,
				064FA8EF1E4DB76000693D12 /* BookmarkActivity.swift */,
				06C38FCF1E35E43C004429DD /* Date+Relative.swift */,
				06D04C501E126BD40013B4AA /* UIImageExtension.swift */,
				068496AB1E23AA2900DBD5A6 /* UIViewControllerExtension.swift */,
			);
			name = "Supporting Files";
			sourceTree = "<group>";
		};
		063505001E151D40002510B0 /* View */ = {
			isa = PBXGroup;
			children = (
				06D04C221E1248DB0013B4AA /* Main.storyboard */,
				06D04C271E1248DB0013B4AA /* LaunchScreen.storyboard */,
				06D04C521E13945C0013B4AA /* DailyFeedItemCell.swift */,
				060D64871E31EB400053F2AB /* DailySourceItemLayout.swift */,
				060D64891E31EB540053F2AB /* DailySourceItemListLayout.swift */,
				062169571E260AE800ECB0AB /* DailySourceItemCell.swift */,
				060D64831E31E6E50053F2AB /* DailyFeedItemListCell.swift */,
				060D64841E31E6E50053F2AB /* DailyFeedItemListCell.xib */,
				062169581E260AE800ECB0AB /* DailySourceItemCell.xib */,
				063505091E165C83002510B0 /* NewHeaderCollectionReusableView.swift */,
				06D04C531E13945C0013B4AA /* DailyFeedItemCell.xib */,
			);
			name = View;
			sourceTree = "<group>";
		};
		06CB47881E4C4CFB007D1897 /* Assets */ = {
			isa = PBXGroup;
			children = (
				06CB47891E4C5437007D1897 /* best.json */,
				06CB478B1E4C6C82007D1897 /* IconTransitions.json */,
				06CB47861E4C4CEE007D1897 /* Logo.json */,
			);
			name = Assets;
			sourceTree = "<group>";
		};
		06D04C121E1248DA0013B4AA = {
			isa = PBXGroup;
			children = (
				06D04C1D1E1248DA0013B4AA /* DailyFeed */,
				06D04C321E1248DB0013B4AA /* DailyFeedTests */,
				06D04C3D1E1248DC0013B4AA /* DailyFeedUITests */,
				0618B7701E40B74D00BC8096 /* News Now */,
				0618B76D1E40B74D00BC8096 /* Frameworks */,
				06D04C1C1E1248DA0013B4AA /* Products */,
				E27AD38198DA5C1A50E0D004 /* Bridging-Header.h */,
				3EEEBD274CB31BA2841191D5 /* Pods */,
			);
			sourceTree = "<group>";
		};
		06D04C1C1E1248DA0013B4AA /* Products */ = {
			isa = PBXGroup;
			children = (
				06D04C1B1E1248DA0013B4AA /* DailyFeed.app */,
				06D04C2F1E1248DB0013B4AA /* DailyFeedTests.xctest */,
				06D04C3A1E1248DB0013B4AA /* DailyFeedUITests.xctest */,
				0618B76C1E40B74D00BC8096 /* News Now.appex */,
			);
			name = Products;
			sourceTree = "<group>";
		};
		06D04C1D1E1248DA0013B4AA /* DailyFeed */ = {
			isa = PBXGroup;
			children = (
				06DFBE811E3F07010091A1BC /* DailyFeed.entitlements */,
				06D04C1E1E1248DB0013B4AA /* AppDelegate.swift */,
				063504FE1E151D19002510B0 /* Model */,
				063505001E151D40002510B0 /* View */,
				06CB47881E4C4CFB007D1897 /* Assets */,
				063504FD1E151CFD002510B0 /* Controller */,
				063504FF1E151D2C002510B0 /* Supporting Files */,
			);
			path = DailyFeed;
			sourceTree = "<group>";
		};
		06D04C321E1248DB0013B4AA /* DailyFeedTests */ = {
			isa = PBXGroup;
			children = (
				06CAC5951E28A1EC00EF72BB /* DailyFeedModelTests.swift */,
				06CAC5991E28D81A00EF72BB /* DailySourceModelTests.swift */,
				06CAC59B1E28E4CA00EF72BB /* NewsAPITests.swift */,
				06DFBE821E406C870091A1BC /* Date+RelativeTests.swift */,
				060D64811E30D6D10053F2AB /* TestData.swift */,
				060D647F1E30C3E20053F2AB /* NewsDetailViewControllerTests.swift */,
				06CAC59D1E28E8A400EF72BB /* SFsafaricontrollerTests.swift */,
				06D04C351E1248DB0013B4AA /* Info.plist */,
			);
			path = DailyFeedTests;
			sourceTree = "<group>";
		};
		06D04C3D1E1248DC0013B4AA /* DailyFeedUITests */ = {
			isa = PBXGroup;
			children = (
				06D04C3E1E1248DC0013B4AA /* DailyFeedUITests.swift */,
				06D04C401E1248DC0013B4AA /* Info.plist */,
			);
			path = DailyFeedUITests;
			sourceTree = "<group>";
		};
		3EEEBD274CB31BA2841191D5 /* Pods */ = {
			isa = PBXGroup;
			children = (
				1721C260D75D69EF09A4D02A /* Pods-DailyFeed.debug.xcconfig */,
				5539A81DBCC7A45D01F5CCB3 /* Pods-DailyFeed.release.xcconfig */,
				3F4B271DBAED1076F1C63A67 /* Pods-DailyFeedTests.debug.xcconfig */,
				7314A561F80C2D11A6AB0E63 /* Pods-DailyFeedTests.release.xcconfig */,
				227CEC5EC28E895F3ED03F69 /* Pods-DailyFeedUITests.debug.xcconfig */,
				D1414136B4D47660F4D789A2 /* Pods-DailyFeedUITests.release.xcconfig */,
				E18B06086150616A4B3A60A3 /* Pods-News Now.debug.xcconfig */,
				D1D7734AD5DFC5D8F8DD5CB0 /* Pods-News Now.release.xcconfig */,
			);
			name = Pods;
			sourceTree = "<group>";
		};
/* End PBXGroup section */

/* Begin PBXNativeTarget section */
		0618B76B1E40B74D00BC8096 /* News Now */ = {
			isa = PBXNativeTarget;
			buildConfigurationList = 0618B77C1E40B74D00BC8096 /* Build configuration list for PBXNativeTarget "News Now" */;
			buildPhases = (
				593747F6D12178F757E72D1A /* [CP] Check Pods Manifest.lock */,
				0618B7681E40B74D00BC8096 /* Sources */,
				0618B7691E40B74D00BC8096 /* Frameworks */,
				0618B76A1E40B74D00BC8096 /* Resources */,
				81D1B860D1B5263731C0AD98 /* [CP] Copy Pods Resources */,
			);
			buildRules = (
			);
			dependencies = (
			);
			name = "News Now";
			productName = "News Now";
			productReference = 0618B76C1E40B74D00BC8096 /* News Now.appex */;
			productType = "com.apple.product-type.app-extension";
		};
		06D04C1A1E1248DA0013B4AA /* DailyFeed */ = {
			isa = PBXNativeTarget;
			buildConfigurationList = 06D04C431E1248DC0013B4AA /* Build configuration list for PBXNativeTarget "DailyFeed" */;
			buildPhases = (
				6D231186B76E5C15DC1569A6 /* [CP] Check Pods Manifest.lock */,
				06D04C171E1248DA0013B4AA /* Sources */,
				06D04C181E1248DA0013B4AA /* Frameworks */,
				06D04C191E1248DA0013B4AA /* Resources */,
				0618B77D1E40B74D00BC8096 /* Embed App Extensions */,
				065792151E3875FE0043505D /* ShellScript */,
				CC41EAD5C12CF8C3A77147CF /* [CP] Embed Pods Frameworks */,
				CF5503C2245872F4342FBCC1 /* [CP] Copy Pods Resources */,
			);
			buildRules = (
			);
			dependencies = (
				0618B7781E40B74D00BC8096 /* PBXTargetDependency */,
			);
			name = DailyFeed;
			productName = DailyFeed;
			productReference = 06D04C1B1E1248DA0013B4AA /* DailyFeed.app */;
			productType = "com.apple.product-type.application";
		};
		06D04C2E1E1248DB0013B4AA /* DailyFeedTests */ = {
			isa = PBXNativeTarget;
			buildConfigurationList = 06D04C461E1248DC0013B4AA /* Build configuration list for PBXNativeTarget "DailyFeedTests" */;
			buildPhases = (
				77956D026F66BEF98BCFC1A8 /* [CP] Check Pods Manifest.lock */,
				06D04C2B1E1248DB0013B4AA /* Sources */,
				06D04C2C1E1248DB0013B4AA /* Frameworks */,
				06D04C2D1E1248DB0013B4AA /* Resources */,
				0206D24C55A5C9D9316C9F0D /* [CP] Embed Pods Frameworks */,
				7952AEFEDF4C14250B9A9F11 /* [CP] Copy Pods Resources */,
			);
			buildRules = (
			);
			dependencies = (
				06D04C311E1248DB0013B4AA /* PBXTargetDependency */,
			);
			name = DailyFeedTests;
			productName = DailyFeedTests;
			productReference = 06D04C2F1E1248DB0013B4AA /* DailyFeedTests.xctest */;
			productType = "com.apple.product-type.bundle.unit-test";
		};
		06D04C391E1248DB0013B4AA /* DailyFeedUITests */ = {
			isa = PBXNativeTarget;
			buildConfigurationList = 06D04C491E1248DC0013B4AA /* Build configuration list for PBXNativeTarget "DailyFeedUITests" */;
			buildPhases = (
				D9CFACC400E318521EC6E929 /* [CP] Check Pods Manifest.lock */,
				06D04C361E1248DB0013B4AA /* Sources */,
				06D04C371E1248DB0013B4AA /* Frameworks */,
				06D04C381E1248DB0013B4AA /* Resources */,
				199EF1908114F4FB7565099F /* [CP] Embed Pods Frameworks */,
				5C040724B603B97C8997F8DC /* [CP] Copy Pods Resources */,
			);
			buildRules = (
			);
			dependencies = (
				06D04C3C1E1248DB0013B4AA /* PBXTargetDependency */,
			);
			name = DailyFeedUITests;
			productName = DailyFeedUITests;
			productReference = 06D04C3A1E1248DB0013B4AA /* DailyFeedUITests.xctest */;
			productType = "com.apple.product-type.bundle.ui-testing";
		};
/* End PBXNativeTarget section */

/* Begin PBXProject section */
		06D04C131E1248DA0013B4AA /* Project object */ = {
			isa = PBXProject;
			attributes = {
				LastSwiftUpdateCheck = 0820;
				LastUpgradeCheck = 0820;
				ORGANIZATIONNAME = trianz;
				TargetAttributes = {
					0618B76B1E40B74D00BC8096 = {
						CreatedOnToolsVersion = 8.2.1;
						DevelopmentTeam = HVFYDRX3Z2;
						ProvisioningStyle = Automatic;
						SystemCapabilities = {
							com.apple.ApplicationGroups.iOS = {
								enabled = 1;
							};
						};
					};
					06D04C1A1E1248DA0013B4AA = {
						CreatedOnToolsVersion = 7.3;
						DevelopmentTeam = HVFYDRX3Z2;
						LastSwiftMigration = 0820;
						SystemCapabilities = {
							com.apple.ApplicationGroups.iOS = {
								enabled = 1;
							};
						};
					};
					06D04C2E1E1248DB0013B4AA = {
						CreatedOnToolsVersion = 7.3;
						LastSwiftMigration = 0820;
						TestTargetID = 06D04C1A1E1248DA0013B4AA;
					};
					06D04C391E1248DB0013B4AA = {
						CreatedOnToolsVersion = 7.3;
						LastSwiftMigration = 0820;
						TestTargetID = 06D04C1A1E1248DA0013B4AA;
					};
				};
			};
			buildConfigurationList = 06D04C161E1248DA0013B4AA /* Build configuration list for PBXProject "DailyFeed" */;
			compatibilityVersion = "Xcode 3.2";
			developmentRegion = English;
			hasScannedForEncodings = 0;
			knownRegions = (
				en,
				Base,
			);
			mainGroup = 06D04C121E1248DA0013B4AA;
			productRefGroup = 06D04C1C1E1248DA0013B4AA /* Products */;
			projectDirPath = "";
			projectRoot = "";
			targets = (
				06D04C1A1E1248DA0013B4AA /* DailyFeed */,
				06D04C2E1E1248DB0013B4AA /* DailyFeedTests */,
				06D04C391E1248DB0013B4AA /* DailyFeedUITests */,
				0618B76B1E40B74D00BC8096 /* News Now */,
			);
		};
/* End PBXProject section */

/* Begin PBXResourcesBuildPhase section */
		0618B76A1E40B74D00BC8096 /* Resources */ = {
			isa = PBXResourcesBuildPhase;
			buildActionMask = 2147483647;
			files = (
				0618B7871E40BA1B00BC8096 /* TodayImageCollectionViewCell.xib in Resources */,
				0618B7751E40B74D00BC8096 /* MainInterface.storyboard in Resources */,
			);
			runOnlyForDeploymentPostprocessing = 0;
		};
		06D04C191E1248DA0013B4AA /* Resources */ = {
			isa = PBXResourcesBuildPhase;
			buildActionMask = 2147483647;
			files = (
				06CB478C1E4C6C82007D1897 /* IconTransitions.json in Resources */,
				06D04C551E13945D0013B4AA /* DailyFeedItemCell.xib in Resources */,
				06D04C291E1248DB0013B4AA /* LaunchScreen.storyboard in Resources */,
				06CB47871E4C4CEE007D1897 /* Logo.json in Resources */,
				06D04C261E1248DB0013B4AA /* Assets.xcassets in Resources */,
				0621695A1E260AE800ECB0AB /* DailySourceItemCell.xib in Resources */,
				060D64861E31E6E50053F2AB /* DailyFeedItemListCell.xib in Resources */,
				06D04C241E1248DB0013B4AA /* Main.storyboard in Resources */,
				06CB478A1E4C5437007D1897 /* best.json in Resources */,
			);
			runOnlyForDeploymentPostprocessing = 0;
		};
		06D04C2D1E1248DB0013B4AA /* Resources */ = {
			isa = PBXResourcesBuildPhase;
			buildActionMask = 2147483647;
			files = (
			);
			runOnlyForDeploymentPostprocessing = 0;
		};
		06D04C381E1248DB0013B4AA /* Resources */ = {
			isa = PBXResourcesBuildPhase;
			buildActionMask = 2147483647;
			files = (
			);
			runOnlyForDeploymentPostprocessing = 0;
		};
/* End PBXResourcesBuildPhase section */

/* Begin PBXShellScriptBuildPhase section */
		0206D24C55A5C9D9316C9F0D /* [CP] Embed Pods Frameworks */ = {
			isa = PBXShellScriptBuildPhase;
			buildActionMask = 2147483647;
			files = (
			);
			inputPaths = (
			);
			name = "[CP] Embed Pods Frameworks";
			outputPaths = (
			);
			runOnlyForDeploymentPostprocessing = 0;
			shellPath = /bin/sh;
			shellScript = "\"${SRCROOT}/Pods/Target Support Files/Pods-DailyFeedTests/Pods-DailyFeedTests-frameworks.sh\"\n";
			showEnvVarsInLog = 0;
		};
		065792151E3875FE0043505D /* ShellScript */ = {
			isa = PBXShellScriptBuildPhase;
			buildActionMask = 2147483647;
			files = (
			);
			inputPaths = (
			);
			outputPaths = (
			);
			runOnlyForDeploymentPostprocessing = 0;
			shellPath = /bin/sh;
			shellScript = "";
		};
		199EF1908114F4FB7565099F /* [CP] Embed Pods Frameworks */ = {
			isa = PBXShellScriptBuildPhase;
			buildActionMask = 2147483647;
			files = (
			);
			inputPaths = (
			);
			name = "[CP] Embed Pods Frameworks";
			outputPaths = (
			);
			runOnlyForDeploymentPostprocessing = 0;
			shellPath = /bin/sh;
			shellScript = "\"${SRCROOT}/Pods/Target Support Files/Pods-DailyFeedUITests/Pods-DailyFeedUITests-frameworks.sh\"\n";
			showEnvVarsInLog = 0;
		};
		593747F6D12178F757E72D1A /* [CP] Check Pods Manifest.lock */ = {
			isa = PBXShellScriptBuildPhase;
			buildActionMask = 2147483647;
			files = (
			);
			inputPaths = (
			);
			name = "[CP] Check Pods Manifest.lock";
			outputPaths = (
			);
			runOnlyForDeploymentPostprocessing = 0;
			shellPath = /bin/sh;
			shellScript = "diff \"${PODS_ROOT}/../Podfile.lock\" \"${PODS_ROOT}/Manifest.lock\" > /dev/null\nif [ $? != 0 ] ; then\n    # print error to STDERR\n    echo \"error: The sandbox is not in sync with the Podfile.lock. Run 'pod install' or update your CocoaPods installation.\" >&2\n    exit 1\nfi\n";
			showEnvVarsInLog = 0;
		};
		5C040724B603B97C8997F8DC /* [CP] Copy Pods Resources */ = {
			isa = PBXShellScriptBuildPhase;
			buildActionMask = 2147483647;
			files = (
			);
			inputPaths = (
			);
			name = "[CP] Copy Pods Resources";
			outputPaths = (
			);
			runOnlyForDeploymentPostprocessing = 0;
			shellPath = /bin/sh;
			shellScript = "\"${SRCROOT}/Pods/Target Support Files/Pods-DailyFeedUITests/Pods-DailyFeedUITests-resources.sh\"\n";
			showEnvVarsInLog = 0;
		};
		6D231186B76E5C15DC1569A6 /* [CP] Check Pods Manifest.lock */ = {
			isa = PBXShellScriptBuildPhase;
			buildActionMask = 2147483647;
			files = (
			);
			inputPaths = (
			);
			name = "[CP] Check Pods Manifest.lock";
			outputPaths = (
			);
			runOnlyForDeploymentPostprocessing = 0;
			shellPath = /bin/sh;
			shellScript = "diff \"${PODS_ROOT}/../Podfile.lock\" \"${PODS_ROOT}/Manifest.lock\" > /dev/null\nif [ $? != 0 ] ; then\n    # print error to STDERR\n    echo \"error: The sandbox is not in sync with the Podfile.lock. Run 'pod install' or update your CocoaPods installation.\" >&2\n    exit 1\nfi\n";
			showEnvVarsInLog = 0;
		};
		77956D026F66BEF98BCFC1A8 /* [CP] Check Pods Manifest.lock */ = {
			isa = PBXShellScriptBuildPhase;
			buildActionMask = 2147483647;
			files = (
			);
			inputPaths = (
			);
			name = "[CP] Check Pods Manifest.lock";
			outputPaths = (
			);
			runOnlyForDeploymentPostprocessing = 0;
			shellPath = /bin/sh;
			shellScript = "diff \"${PODS_ROOT}/../Podfile.lock\" \"${PODS_ROOT}/Manifest.lock\" > /dev/null\nif [ $? != 0 ] ; then\n    # print error to STDERR\n    echo \"error: The sandbox is not in sync with the Podfile.lock. Run 'pod install' or update your CocoaPods installation.\" >&2\n    exit 1\nfi\n";
			showEnvVarsInLog = 0;
		};
		7952AEFEDF4C14250B9A9F11 /* [CP] Copy Pods Resources */ = {
			isa = PBXShellScriptBuildPhase;
			buildActionMask = 2147483647;
			files = (
			);
			inputPaths = (
			);
			name = "[CP] Copy Pods Resources";
			outputPaths = (
			);
			runOnlyForDeploymentPostprocessing = 0;
			shellPath = /bin/sh;
			shellScript = "\"${SRCROOT}/Pods/Target Support Files/Pods-DailyFeedTests/Pods-DailyFeedTests-resources.sh\"\n";
			showEnvVarsInLog = 0;
		};
		81D1B860D1B5263731C0AD98 /* [CP] Copy Pods Resources */ = {
			isa = PBXShellScriptBuildPhase;
			buildActionMask = 2147483647;
			files = (
			);
			inputPaths = (
			);
			name = "[CP] Copy Pods Resources";
			outputPaths = (
			);
			runOnlyForDeploymentPostprocessing = 0;
			shellPath = /bin/sh;
			shellScript = "\"${SRCROOT}/Pods/Target Support Files/Pods-News Now/Pods-News Now-resources.sh\"\n";
			showEnvVarsInLog = 0;
		};
		CC41EAD5C12CF8C3A77147CF /* [CP] Embed Pods Frameworks */ = {
			isa = PBXShellScriptBuildPhase;
			buildActionMask = 2147483647;
			files = (
			);
			inputPaths = (
			);
			name = "[CP] Embed Pods Frameworks";
			outputPaths = (
			);
			runOnlyForDeploymentPostprocessing = 0;
			shellPath = /bin/sh;
			shellScript = "\"${SRCROOT}/Pods/Target Support Files/Pods-DailyFeed/Pods-DailyFeed-frameworks.sh\"\n";
			showEnvVarsInLog = 0;
		};
		CF5503C2245872F4342FBCC1 /* [CP] Copy Pods Resources */ = {
			isa = PBXShellScriptBuildPhase;
			buildActionMask = 2147483647;
			files = (
			);
			inputPaths = (
			);
			name = "[CP] Copy Pods Resources";
			outputPaths = (
			);
			runOnlyForDeploymentPostprocessing = 0;
			shellPath = /bin/sh;
			shellScript = "\"${SRCROOT}/Pods/Target Support Files/Pods-DailyFeed/Pods-DailyFeed-resources.sh\"\n";
			showEnvVarsInLog = 0;
		};
		D9CFACC400E318521EC6E929 /* [CP] Check Pods Manifest.lock */ = {
			isa = PBXShellScriptBuildPhase;
			buildActionMask = 2147483647;
			files = (
			);
			inputPaths = (
			);
			name = "[CP] Check Pods Manifest.lock";
			outputPaths = (
			);
			runOnlyForDeploymentPostprocessing = 0;
			shellPath = /bin/sh;
			shellScript = "diff \"${PODS_ROOT}/../Podfile.lock\" \"${PODS_ROOT}/Manifest.lock\" > /dev/null\nif [ $? != 0 ] ; then\n    # print error to STDERR\n    echo \"error: The sandbox is not in sync with the Podfile.lock. Run 'pod install' or update your CocoaPods installation.\" >&2\n    exit 1\nfi\n";
			showEnvVarsInLog = 0;
		};
/* End PBXShellScriptBuildPhase section */

/* Begin PBXSourcesBuildPhase section */
		0618B7681E40B74D00BC8096 /* Sources */ = {
			isa = PBXSourcesBuildPhase;
			buildActionMask = 2147483647;
			files = (
				0618B7861E40BA1B00BC8096 /* TodayImageCollectionViewCell.swift in Sources */,
				0618B78D1E42083800BC8096 /* DailyFeedModel.swift in Sources */,
				06A3103A1E4B25290011E827 /* DailySourceModel.swift in Sources */,
				0618B7721E40B74D00BC8096 /* TodayViewController.swift in Sources */,
				0618B78F1E42084A00BC8096 /* TSImageView.swift in Sources */,
				0618B7901E42084E00BC8096 /* Date+Relative.swift in Sources */,
				0618B78E1E42084300BC8096 /* NewsAPI.swift in Sources */,
			);
			runOnlyForDeploymentPostprocessing = 0;
		};
		06D04C171E1248DA0013B4AA /* Sources */ = {
			isa = PBXSourcesBuildPhase;
			buildActionMask = 2147483647;
			files = (
				064FA8EE1E4C95B200693D12 /* BookmarkViewController.swift in Sources */,
				064FA8F01E4DB76100693D12 /* BookmarkActivity.swift in Sources */,
				06D04C4F1E1262460013B4AA /* NewsDetailViewController.swift in Sources */,
				0635050A1E165C83002510B0 /* NewHeaderCollectionReusableView.swift in Sources */,
				06A310381E4B24F30011E827 /* DailySourceModel.swift in Sources */,
				06D04C211E1248DB0013B4AA /* DailyFeedNewsController.swift in Sources */,
				063504FC1E151C4A002510B0 /* MySafariViewController.swift in Sources */,
				06D04C571E13948C0013B4AA /* TSImageView.swift in Sources */,
				0635050E1E1BA50E002510B0 /* TSSpinnerView.swift in Sources */,
				063505021E15342C002510B0 /* NewsSourceViewController.swift in Sources */,
				06D04C541E13945D0013B4AA /* DailyFeedItemCell.swift in Sources */,
				06D04C4D1E1249430013B4AA /* DailyFeedModel.swift in Sources */,
				063505101E1BAF13002510B0 /* DailyFeedNewsController+UICollectionView.swift in Sources */,
				06CAC5981E28A3D600EF72BB /* NewsAPI.swift in Sources */,
				06D04C511E126BD40013B4AA /* UIImageExtension.swift in Sources */,
				060D64881E31EB400053F2AB /* DailySourceItemLayout.swift in Sources */,
				060D648A1E31EB540053F2AB /* DailySourceItemListLayout.swift in Sources */,
				06C38FD01E35E43C004429DD /* Date+Relative.swift in Sources */,
				062169591E260AE800ECB0AB /* DailySourceItemCell.swift in Sources */,
				06529E7D1E408DC6003DA45B /* NewsDetailViewController+StateRestoration.swift in Sources */,
				068496AC1E23AA2900DBD5A6 /* UIViewControllerExtension.swift in Sources */,
				060D64851E31E6E50053F2AB /* DailyFeedItemListCell.swift in Sources */,
				06D04C1F1E1248DB0013B4AA /* AppDelegate.swift in Sources */,
			);
			runOnlyForDeploymentPostprocessing = 0;
		};
		06D04C2B1E1248DB0013B4AA /* Sources */ = {
			isa = PBXSourcesBuildPhase;
			buildActionMask = 2147483647;
			files = (
				06CAC59C1E28E4CA00EF72BB /* NewsAPITests.swift in Sources */,
				060D64801E30C3E20053F2AB /* NewsDetailViewControllerTests.swift in Sources */,
				06CAC5961E28A1EC00EF72BB /* DailyFeedModelTests.swift in Sources */,
				06DFBE831E406C880091A1BC /* Date+RelativeTests.swift in Sources */,
				060D64821E30D6D10053F2AB /* TestData.swift in Sources */,
				06CAC59E1E28E8A400EF72BB /* SFsafaricontrollerTests.swift in Sources */,
				06CAC59A1E28D81A00EF72BB /* DailySourceModelTests.swift in Sources */,
			);
			runOnlyForDeploymentPostprocessing = 0;
		};
		06D04C361E1248DB0013B4AA /* Sources */ = {
			isa = PBXSourcesBuildPhase;
			buildActionMask = 2147483647;
			files = (
				06D04C3F1E1248DC0013B4AA /* DailyFeedUITests.swift in Sources */,
			);
			runOnlyForDeploymentPostprocessing = 0;
		};
/* End PBXSourcesBuildPhase section */

/* Begin PBXTargetDependency section */
		0618B7781E40B74D00BC8096 /* PBXTargetDependency */ = {
			isa = PBXTargetDependency;
			target = 0618B76B1E40B74D00BC8096 /* News Now */;
			targetProxy = 0618B7771E40B74D00BC8096 /* PBXContainerItemProxy */;
		};
		06D04C311E1248DB0013B4AA /* PBXTargetDependency */ = {
			isa = PBXTargetDependency;
			target = 06D04C1A1E1248DA0013B4AA /* DailyFeed */;
			targetProxy = 06D04C301E1248DB0013B4AA /* PBXContainerItemProxy */;
		};
		06D04C3C1E1248DB0013B4AA /* PBXTargetDependency */ = {
			isa = PBXTargetDependency;
			target = 06D04C1A1E1248DA0013B4AA /* DailyFeed */;
			targetProxy = 06D04C3B1E1248DB0013B4AA /* PBXContainerItemProxy */;
		};
/* End PBXTargetDependency section */

/* Begin PBXVariantGroup section */
		0618B7731E40B74D00BC8096 /* MainInterface.storyboard */ = {
			isa = PBXVariantGroup;
			children = (
				0618B7741E40B74D00BC8096 /* Base */,
			);
			name = MainInterface.storyboard;
			sourceTree = "<group>";
		};
		06D04C221E1248DB0013B4AA /* Main.storyboard */ = {
			isa = PBXVariantGroup;
			children = (
				06D04C231E1248DB0013B4AA /* Base */,
			);
			name = Main.storyboard;
			sourceTree = "<group>";
		};
		06D04C271E1248DB0013B4AA /* LaunchScreen.storyboard */ = {
			isa = PBXVariantGroup;
			children = (
				06D04C281E1248DB0013B4AA /* Base */,
			);
			name = LaunchScreen.storyboard;
			sourceTree = "<group>";
		};
/* End PBXVariantGroup section */

/* Begin XCBuildConfiguration section */
		0618B77A1E40B74D00BC8096 /* Debug */ = {
			isa = XCBuildConfiguration;
			baseConfigurationReference = E18B06086150616A4B3A60A3 /* Pods-News Now.debug.xcconfig */;
			buildSettings = {
				CLANG_WARN_DOCUMENTATION_COMMENTS = YES;
				CODE_SIGN_ENTITLEMENTS = "News Now/News Now.entitlements";
				DEVELOPMENT_TEAM = HVFYDRX3Z2;
				INFOPLIST_FILE = "News Now/Info.plist";
				IPHONEOS_DEPLOYMENT_TARGET = 10.2;
				LD_RUNPATH_SEARCH_PATHS = "$(inherited) @executable_path/Frameworks @executable_path/../../Frameworks";
				PRODUCT_BUNDLE_IDENTIFIER = "com.trianz.DailyFeed.News-Now";
				PRODUCT_NAME = "$(TARGET_NAME)";
				SKIP_INSTALL = YES;
				SWIFT_ACTIVE_COMPILATION_CONDITIONS = DEBUG;
				SWIFT_VERSION = 3.0;
				TARGETED_DEVICE_FAMILY = "1,2";
			};
			name = Debug;
		};
		0618B77B1E40B74D00BC8096 /* Release */ = {
			isa = XCBuildConfiguration;
			baseConfigurationReference = D1D7734AD5DFC5D8F8DD5CB0 /* Pods-News Now.release.xcconfig */;
			buildSettings = {
				CLANG_WARN_DOCUMENTATION_COMMENTS = YES;
				CODE_SIGN_ENTITLEMENTS = "News Now/News Now.entitlements";
				DEVELOPMENT_TEAM = HVFYDRX3Z2;
				INFOPLIST_FILE = "News Now/Info.plist";
				IPHONEOS_DEPLOYMENT_TARGET = 10.2;
				LD_RUNPATH_SEARCH_PATHS = "$(inherited) @executable_path/Frameworks @executable_path/../../Frameworks";
				PRODUCT_BUNDLE_IDENTIFIER = "com.trianz.DailyFeed.News-Now";
				PRODUCT_NAME = "$(TARGET_NAME)";
				SKIP_INSTALL = YES;
				SWIFT_VERSION = 3.0;
				TARGETED_DEVICE_FAMILY = "1,2";
			};
			name = Release;
		};
		06D04C411E1248DC0013B4AA /* Debug */ = {
			isa = XCBuildConfiguration;
			buildSettings = {
				ALWAYS_SEARCH_USER_PATHS = NO;
				CLANG_ANALYZER_NONNULL = YES;
				CLANG_CXX_LANGUAGE_STANDARD = "gnu++0x";
				CLANG_CXX_LIBRARY = "libc++";
				CLANG_ENABLE_MODULES = YES;
				CLANG_ENABLE_OBJC_ARC = YES;
				CLANG_WARN_BOOL_CONVERSION = YES;
				CLANG_WARN_CONSTANT_CONVERSION = YES;
				CLANG_WARN_DIRECT_OBJC_ISA_USAGE = YES_ERROR;
				CLANG_WARN_EMPTY_BODY = YES;
				CLANG_WARN_ENUM_CONVERSION = YES;
				CLANG_WARN_INFINITE_RECURSION = YES;
				CLANG_WARN_INT_CONVERSION = YES;
				CLANG_WARN_OBJC_ROOT_CLASS = YES_ERROR;
				CLANG_WARN_SUSPICIOUS_MOVE = YES;
				CLANG_WARN_UNREACHABLE_CODE = YES;
				CLANG_WARN__DUPLICATE_METHOD_MATCH = YES;
				"CODE_SIGN_IDENTITY[sdk=iphoneos*]" = "iPhone Developer";
				COPY_PHASE_STRIP = NO;
				DEBUG_INFORMATION_FORMAT = dwarf;
				ENABLE_STRICT_OBJC_MSGSEND = YES;
				ENABLE_TESTABILITY = YES;
				GCC_C_LANGUAGE_STANDARD = gnu99;
				GCC_DYNAMIC_NO_PIC = NO;
				GCC_NO_COMMON_BLOCKS = YES;
				GCC_OPTIMIZATION_LEVEL = 0;
				GCC_PREPROCESSOR_DEFINITIONS = (
					"DEBUG=1",
					"$(inherited)",
				);
				GCC_WARN_64_TO_32_BIT_CONVERSION = YES;
				GCC_WARN_ABOUT_RETURN_TYPE = YES_ERROR;
				GCC_WARN_UNDECLARED_SELECTOR = YES;
				GCC_WARN_UNINITIALIZED_AUTOS = YES_AGGRESSIVE;
				GCC_WARN_UNUSED_FUNCTION = YES;
				GCC_WARN_UNUSED_VARIABLE = YES;
				IPHONEOS_DEPLOYMENT_TARGET = 9.3;
				MTL_ENABLE_DEBUG_INFO = YES;
				ONLY_ACTIVE_ARCH = YES;
				SDKROOT = iphoneos;
				SWIFT_OPTIMIZATION_LEVEL = "-Onone";
			};
			name = Debug;
		};
		06D04C421E1248DC0013B4AA /* Release */ = {
			isa = XCBuildConfiguration;
			buildSettings = {
				ALWAYS_SEARCH_USER_PATHS = NO;
				CLANG_ANALYZER_NONNULL = YES;
				CLANG_CXX_LANGUAGE_STANDARD = "gnu++0x";
				CLANG_CXX_LIBRARY = "libc++";
				CLANG_ENABLE_MODULES = YES;
				CLANG_ENABLE_OBJC_ARC = YES;
				CLANG_WARN_BOOL_CONVERSION = YES;
				CLANG_WARN_CONSTANT_CONVERSION = YES;
				CLANG_WARN_DIRECT_OBJC_ISA_USAGE = YES_ERROR;
				CLANG_WARN_EMPTY_BODY = YES;
				CLANG_WARN_ENUM_CONVERSION = YES;
				CLANG_WARN_INFINITE_RECURSION = YES;
				CLANG_WARN_INT_CONVERSION = YES;
				CLANG_WARN_OBJC_ROOT_CLASS = YES_ERROR;
				CLANG_WARN_SUSPICIOUS_MOVE = YES;
				CLANG_WARN_UNREACHABLE_CODE = YES;
				CLANG_WARN__DUPLICATE_METHOD_MATCH = YES;
				"CODE_SIGN_IDENTITY[sdk=iphoneos*]" = "iPhone Developer";
				COPY_PHASE_STRIP = NO;
				DEBUG_INFORMATION_FORMAT = "dwarf-with-dsym";
				ENABLE_NS_ASSERTIONS = NO;
				ENABLE_STRICT_OBJC_MSGSEND = YES;
				GCC_C_LANGUAGE_STANDARD = gnu99;
				GCC_NO_COMMON_BLOCKS = YES;
				GCC_WARN_64_TO_32_BIT_CONVERSION = YES;
				GCC_WARN_ABOUT_RETURN_TYPE = YES_ERROR;
				GCC_WARN_UNDECLARED_SELECTOR = YES;
				GCC_WARN_UNINITIALIZED_AUTOS = YES_AGGRESSIVE;
				GCC_WARN_UNUSED_FUNCTION = YES;
				GCC_WARN_UNUSED_VARIABLE = YES;
				IPHONEOS_DEPLOYMENT_TARGET = 9.3;
				MTL_ENABLE_DEBUG_INFO = NO;
				SDKROOT = iphoneos;
				SWIFT_OPTIMIZATION_LEVEL = "-Owholemodule";
				VALIDATE_PRODUCT = YES;
			};
			name = Release;
		};
		06D04C441E1248DC0013B4AA /* Debug */ = {
			isa = XCBuildConfiguration;
			baseConfigurationReference = 1721C260D75D69EF09A4D02A /* Pods-DailyFeed.debug.xcconfig */;
			buildSettings = {
				ALWAYS_EMBED_SWIFT_STANDARD_LIBRARIES = YES;
				ASSETCATALOG_COMPILER_APPICON_NAME = AppIcon;
				CODE_SIGN_ENTITLEMENTS = DailyFeed/DailyFeed.entitlements;
				DEVELOPMENT_TEAM = HVFYDRX3Z2;
				FRAMEWORK_SEARCH_PATHS = (
					"$(inherited)",
					"$(PROJECT_DIR)",
					"$(PROJECT_DIR)/Carthage/Build/iOS",
				);
				INFOPLIST_FILE = DailyFeed/Info.plist;
				IPHONEOS_DEPLOYMENT_TARGET = 9.3;
				LD_RUNPATH_SEARCH_PATHS = "$(inherited) @executable_path/Frameworks";
				PRODUCT_BUNDLE_IDENTIFIER = com.trianz.DailyFeed;
				PRODUCT_NAME = "$(TARGET_NAME)";
				SWIFT_OBJC_BRIDGING_HEADER = "Bridging-Header.h";
				SWIFT_VERSION = 3.0;
				TARGETED_DEVICE_FAMILY = "1,2";
			};
			name = Debug;
		};
		06D04C451E1248DC0013B4AA /* Release */ = {
			isa = XCBuildConfiguration;
			baseConfigurationReference = 5539A81DBCC7A45D01F5CCB3 /* Pods-DailyFeed.release.xcconfig */;
			buildSettings = {
				ALWAYS_EMBED_SWIFT_STANDARD_LIBRARIES = YES;
				ASSETCATALOG_COMPILER_APPICON_NAME = AppIcon;
				CODE_SIGN_ENTITLEMENTS = DailyFeed/DailyFeed.entitlements;
				DEVELOPMENT_TEAM = HVFYDRX3Z2;
				FRAMEWORK_SEARCH_PATHS = (
					"$(inherited)",
					"$(PROJECT_DIR)",
					"$(PROJECT_DIR)/Carthage/Build/iOS",
				);
				INFOPLIST_FILE = DailyFeed/Info.plist;
				IPHONEOS_DEPLOYMENT_TARGET = 9.3;
				LD_RUNPATH_SEARCH_PATHS = "$(inherited) @executable_path/Frameworks";
				PRODUCT_BUNDLE_IDENTIFIER = com.trianz.DailyFeed;
				PRODUCT_NAME = "$(TARGET_NAME)";
				SWIFT_OBJC_BRIDGING_HEADER = "Bridging-Header.h";
				SWIFT_VERSION = 3.0;
				TARGETED_DEVICE_FAMILY = "1,2";
			};
			name = Release;
		};
		06D04C471E1248DC0013B4AA /* Debug */ = {
			isa = XCBuildConfiguration;
			baseConfigurationReference = 3F4B271DBAED1076F1C63A67 /* Pods-DailyFeedTests.debug.xcconfig */;
			buildSettings = {
				BUNDLE_LOADER = "$(TEST_HOST)";
				INFOPLIST_FILE = DailyFeedTests/Info.plist;
				LD_RUNPATH_SEARCH_PATHS = "$(inherited) @executable_path/Frameworks @loader_path/Frameworks";
				PRODUCT_BUNDLE_IDENTIFIER = com.trianz.DailyFeedTests;
				PRODUCT_NAME = "$(TARGET_NAME)";
				SWIFT_VERSION = 3.0;
				TEST_HOST = "$(BUILT_PRODUCTS_DIR)/DailyFeed.app/DailyFeed";
			};
			name = Debug;
		};
		06D04C481E1248DC0013B4AA /* Release */ = {
			isa = XCBuildConfiguration;
			baseConfigurationReference = 7314A561F80C2D11A6AB0E63 /* Pods-DailyFeedTests.release.xcconfig */;
			buildSettings = {
				BUNDLE_LOADER = "$(TEST_HOST)";
				INFOPLIST_FILE = DailyFeedTests/Info.plist;
				LD_RUNPATH_SEARCH_PATHS = "$(inherited) @executable_path/Frameworks @loader_path/Frameworks";
				PRODUCT_BUNDLE_IDENTIFIER = com.trianz.DailyFeedTests;
				PRODUCT_NAME = "$(TARGET_NAME)";
				SWIFT_VERSION = 3.0;
				TEST_HOST = "$(BUILT_PRODUCTS_DIR)/DailyFeed.app/DailyFeed";
			};
			name = Release;
		};
		06D04C4A1E1248DC0013B4AA /* Debug */ = {
			isa = XCBuildConfiguration;
			baseConfigurationReference = 227CEC5EC28E895F3ED03F69 /* Pods-DailyFeedUITests.debug.xcconfig */;
			buildSettings = {
				INFOPLIST_FILE = DailyFeedUITests/Info.plist;
				LD_RUNPATH_SEARCH_PATHS = "$(inherited) @executable_path/Frameworks @loader_path/Frameworks";
				PRODUCT_BUNDLE_IDENTIFIER = com.trianz.DailyFeedUITests;
				PRODUCT_NAME = "$(TARGET_NAME)";
				SWIFT_VERSION = 3.0;
				TEST_TARGET_NAME = DailyFeed;
			};
			name = Debug;
		};
		06D04C4B1E1248DC0013B4AA /* Release */ = {
			isa = XCBuildConfiguration;
			baseConfigurationReference = D1414136B4D47660F4D789A2 /* Pods-DailyFeedUITests.release.xcconfig */;
			buildSettings = {
				INFOPLIST_FILE = DailyFeedUITests/Info.plist;
				LD_RUNPATH_SEARCH_PATHS = "$(inherited) @executable_path/Frameworks @loader_path/Frameworks";
				PRODUCT_BUNDLE_IDENTIFIER = com.trianz.DailyFeedUITests;
				PRODUCT_NAME = "$(TARGET_NAME)";
				SWIFT_VERSION = 3.0;
				TEST_TARGET_NAME = DailyFeed;
			};
			name = Release;
		};
/* End XCBuildConfiguration section */

/* Begin XCConfigurationList section */
		0618B77C1E40B74D00BC8096 /* Build configuration list for PBXNativeTarget "News Now" */ = {
			isa = XCConfigurationList;
			buildConfigurations = (
				0618B77A1E40B74D00BC8096 /* Debug */,
				0618B77B1E40B74D00BC8096 /* Release */,
			);
			defaultConfigurationIsVisible = 0;
			defaultConfigurationName = Release;
		};
		06D04C161E1248DA0013B4AA /* Build configuration list for PBXProject "DailyFeed" */ = {
			isa = XCConfigurationList;
			buildConfigurations = (
				06D04C411E1248DC0013B4AA /* Debug */,
				06D04C421E1248DC0013B4AA /* Release */,
			);
			defaultConfigurationIsVisible = 0;
			defaultConfigurationName = Release;
		};
		06D04C431E1248DC0013B4AA /* Build configuration list for PBXNativeTarget "DailyFeed" */ = {
			isa = XCConfigurationList;
			buildConfigurations = (
				06D04C441E1248DC0013B4AA /* Debug */,
				06D04C451E1248DC0013B4AA /* Release */,
			);
			defaultConfigurationIsVisible = 0;
			defaultConfigurationName = Release;
		};
		06D04C461E1248DC0013B4AA /* Build configuration list for PBXNativeTarget "DailyFeedTests" */ = {
			isa = XCConfigurationList;
			buildConfigurations = (
				06D04C471E1248DC0013B4AA /* Debug */,
				06D04C481E1248DC0013B4AA /* Release */,
			);
			defaultConfigurationIsVisible = 0;
			defaultConfigurationName = Release;
		};
		06D04C491E1248DC0013B4AA /* Build configuration list for PBXNativeTarget "DailyFeedUITests" */ = {
			isa = XCConfigurationList;
			buildConfigurations = (
				06D04C4A1E1248DC0013B4AA /* Debug */,
				06D04C4B1E1248DC0013B4AA /* Release */,
			);
			defaultConfigurationIsVisible = 0;
			defaultConfigurationName = Release;
		};
/* End XCConfigurationList section */
	};
	rootObject = 06D04C131E1248DA0013B4AA /* Project object */;
}
