PODS:
  - DZNEmptyDataSet (1.8.1)
  - lottie-ios (2.5.0)
  - PromiseKit (6.0.3):
    - PromiseKit/CorePromise (= 6.0.3)
    - PromiseKit/Foundation (= 6.0.3)
    - PromiseKit/UIKit (= 6.0.3)
  - PromiseKit/CorePromise (6.0.3)
  - PromiseKit/Foundation (6.0.3):
    - PromiseKit/CorePromise
  - PromiseKit/UIKit (6.0.3):
    - PromiseKit/CorePromise
  - Realm (3.1.1):
    - Realm/Headers (= 3.1.1)
  - Realm/Headers (3.1.1)
  - RealmSwift (3.1.1):
    - Realm (= 3.1.1)

DEPENDENCIES:
  - DZNEmptyDataSet
  - lottie-ios
  - PromiseKit
  - RealmSwift

SPEC CHECKSUMS:
  DZNEmptyDataSet: 9525833b9e68ac21c30253e1d3d7076cc828eaa7
  lottie-ios: d699fdee68d7b63e721d949388b015fef1aaa4ac
  PromiseKit: bd8438964c03690e4d5bfde3e7cf9bebc5dc2599
  Realm: 42d1c38a5b1bbcc828b48a7ce702cb86fc68adf4
  RealmSwift: d31937ca6a6ee54acde64ec839523c0a3c04924b

PODFILE CHECKSUM: 41befcd2cad2aded643e50e60ca8acea64d9a91e

COCOAPODS: 1.2.0
