PODS:
  - DZNEmptyDataSet (1.8.1)
  - lottie-ios (1.5.2)
  - Realm (2.8.3):
    - Realm/Headers (= 2.8.3)
  - Realm/Headers (2.8.3)
  - RealmSwift (2.8.3):
    - Realm (= 2.8.3)

DEPENDENCIES:
  - DZNEmptyDataSet
  - lottie-ios
  - RealmSwift

SPEC CHECKSUMS:
  DZNEmptyDataSet: 9525833b9e68ac21c30253e1d3d7076cc828eaa7
  lottie-ios: 255a0e95973a5c4424e809d7a5c19f7384c73e84
  Realm: 3601ef091c8c499a31101d8563b991e75546cdce
  RealmSwift: 8183818515471b01a99abdd2970f8e4fd52b6f4a

PODFILE CHECKSUM: c3a202df9bbde8ffb98f8a3dc759693c430bd0a0

COCOAPODS: 1.2.1
