PODS:
  - DZNEmptyDataSet (1.8.1)
  - lottie-ios (2.0.3)
  - Realm (2.9.1):
    - Realm/Headers (= 2.9.1)
  - Realm/Headers (2.9.1)
  - RealmSwift (2.9.1):
    - Realm (= 2.9.1)

DEPENDENCIES:
  - DZNEmptyDataSet
  - lottie-ios
  - RealmSwift

SPEC CHECKSUMS:
  DZNEmptyDataSet: 9525833b9e68ac21c30253e1d3d7076cc828eaa7
  lottie-ios: 445f77c7f661f95587e49095a1ac7de43f0da896
  Realm: f91fb43bd474c4f731a116ebf7392c75dd015920
  RealmSwift: 207f12a4a36b696c5183c60a1c06d70234a23e56

PODFILE CHECKSUM: c3a202df9bbde8ffb98f8a3dc759693c430bd0a0

COCOAPODS: 1.2.0
